
Microsoft Visual Studio Solution File, Format Version 12.00
# Visual Studio Version 17
VisualStudioVersion = 17.5.2.0
MinimumVisualStudioVersion = 10.0.40219.1
Project("{FAE04EC0-301F-11D3-BF4B-00C04F79EFBC}") = "MyAPI", "WebApplication\MyAPI\MyAPI.csproj", "{2851F363-8543-EE7A-E8D4-D4503AA25384}"
EndProject
Project("{FAE04EC0-301F-11D3-BF4B-00C04F79EFBC}") = "TaskManagement", "TaskManagement\TaskManagement.csproj", "{5B9A42B7-E674-4354-A45F-F4110BACA2BB}"
EndProject
Project("{FAE04EC0-301F-11D3-BF4B-00C04F79EFBC}") = "OAuthApplication", "OAuthApplication\OAuthApplication.csproj", "{849DBC42-3EE0-4A6E-B970-B56FAEDBA272}"
EndProject
Project("{FAE04EC0-301F-11D3-BF4B-00C04F79EFBC}") = "Threads", "Threads\Threads.csproj", "{2D16B23C-7047-4BA1-A9C7-35C68A08C75A}"
EndProject
Project("{FAE04EC0-301F-11D3-BF4B-00C04F79EFBC}") = "Events", "Events\Events.csproj", "{EC9BC6C6-47A5-4E61-9172-384785E2E662}"
EndProject
Project("{FAE04EC0-301F-11D3-BF4B-00C04F79EFBC}") = "Course", "Course\Course.csproj", "{48D81073-6ACB-4F23-9E9C-FAA71DBC9D47}"
EndProject
Project("{2150E333-8FDC-42A3-9474-1A3956D46DE8}") = "Kafka", "Kafka", "{69AECDB5-9BAF-4B8E-B4EB-DF83564F449A}"
EndProject
Project("{FAE04EC0-301F-11D3-BF4B-00C04F79EFBC}") = "Send", "Kafka\Send\Send.csproj", "{7AE9A5C7-8393-4ABF-A8F4-A5190C2DE406}"
EndProject
Project("{FAE04EC0-301F-11D3-BF4B-00C04F79EFBC}") = "Receive", "Kafka\Receive\Receive.csproj", "{31ECB52E-8B39-4DF0-9F4E-AD174EB3FFA7}"
EndProject
Project("{FAE04EC0-301F-11D3-BF4B-00C04F79EFBC}") = "Asynchronous", "Asynchronous\Asynchronous.csproj", "{1588BB7F-10FA-4D13-878D-0DC8178283F7}"
EndProject
Project("{FAE04EC0-301F-11D3-BF4B-00C04F79EFBC}") = "Linq", "Linq\Linq.csproj", "{2CB37EFE-9AF5-41DD-A53B-0820C1C0AE08}"
EndProject
Project("{FAE04EC0-301F-11D3-BF4B-00C04F79EFBC}") = "Postgres", "Postgres\Postgres.csproj", "{48E6FD4D-D56A-4225-94DE-94E9453E98D1}"
EndProject
Project("{FAE04EC0-301F-11D3-BF4B-00C04F79EFBC}") = "KafkaStreamApi", "KafkaStreamApi\KafkaStreamApi.csproj", "{E99F1E6E-67E3-4997-9DAD-4A26B5DBC35D}"
EndProject
Project("{FAE04EC0-301F-11D3-BF4B-00C04F79EFBC}") = "Auth", "Auth\Auth.csproj", "{454FE3B4-408A-4A10-9DAF-E289AD767908}"
EndProject
Project("{FAE04EC0-301F-11D3-BF4B-00C04F79EFBC}") = "ServiceRegistration", "ServiceRegistration\ServiceRegistration.csproj", "{66E4298B-E38E-4324-B6DB-1718F371F916}"
EndProject
Project("{FAE04EC0-301F-11D3-BF4B-00C04F79EFBC}") = "SimpleWebAPI", "SimpleWebAPI\SimpleWebAPI.csproj", "{1C7F8BEC-D778-4647-B9D0-37D2A49BBC67}"
EndProject
Project("{FAE04EC0-301F-11D3-BF4B-00C04F79EFBC}") = "Serialization", "Serialization\Serialization.csproj", "{53004744-CC1F-41EC-A740-F613C1656F07}"
EndProject
Project("{FAE04EC0-301F-11D3-BF4B-00C04F79EFBC}") = "ShareableUser", "ShareableUser\ShareableUser.csproj", "{B38A4FFB-2BFB-4DAD-8183-A827FEEFDBE1}"
EndProject
Project("{FAE04EC0-301F-11D3-BF4B-00C04F79EFBC}") = "MinimalApiDemo", "MinimalApiDemo\MinimalApiDemo.csproj", "{315290C2-24A5-412C-8CC7-3F5B071B53EB}"
EndProject
Project("{FAE04EC0-301F-11D3-BF4B-00C04F79EFBC}") = "CustomMiddleware", "CustomMiddleware\CustomMiddleware.csproj", "{0D08453C-3055-44F1-8D51-A448844728B9}"
EndProject
Project("{FAE04EC0-301F-11D3-BF4B-00C04F79EFBC}") = "SwaggerClientCode", "SwaggerClientCode\SwaggerClientCode.csproj", "{DBE4277C-6AB9-45F5-AC2E-8A183D3AAB9A}"
EndProject
Project("{FAE04EC0-301F-11D3-BF4B-00C04F79EFBC}") = "QueueExample", "QueueExample\QueueExample.csproj", "{E0D3900A-A382-4A00-BFEC-824B8C919939}"
EndProject
Project("{FAE04EC0-301F-11D3-BF4B-00C04F79EFBC}") = "ClassToDTO", "ClassToDTO\ClassToDTO.csproj", "{D527D687-848B-4CAD-9E3C-861DA31179FA}"
EndProject
Project("{FAE04EC0-301F-11D3-BF4B-00C04F79EFBC}") = "MysqlExample", "MysqlExample\MysqlExample.csproj", "{31BFE20C-50B8-46A2-9E3D-DB9FAA69E976}"
EndProject
Project("{FAE04EC0-301F-11D3-BF4B-00C04F79EFBC}") = "RedisConsoleApp", "RedisConsoleApp\RedisConsoleApp.csproj", "{A75DD474-F6BD-41C7-A982-712AABDFDC5B}"
EndProject
Project("{FAE04EC0-301F-11D3-BF4B-00C04F79EFBC}") = "RedisMySQLIntegration", "RedisMySQLIntegration\RedisMySQLIntegration.csproj", "{72348A82-C4C6-4948-94C4-64EB561023CA}"
EndProject
Project("{FAE04EC0-301F-11D3-BF4B-00C04F79EFBC}") = "Reflection", "Reflection\Reflection.csproj", "{0393B5E4-D838-45E0-B81A-035684F2B420}"
EndProject
Project("{FAE04EC0-301F-11D3-BF4B-00C04F79EFBC}") = "DapperExample", "DapperExample\DapperExample.csproj", "{31893E2C-1E86-4F32-93FF-F897AE5664CB}"
EndProject
Project("{FAE04EC0-301F-11D3-BF4B-00C04F79EFBC}") = "Two-Sum", "Two-Sum\Two-Sum.csproj", "{EDA0155A-0DD4-4A0C-AE0C-AC0174F9C369}"
EndProject
Project("{FAE04EC0-301F-11D3-BF4B-00C04F79EFBC}") = "SecurityAndAuthentication", "SecurityAndAuthentication\SecurityAndAuthentication.csproj", "{59C5A9AD-82F4-4A0F-BA6E-1530E656DC56}"
EndProject
Project("{2150E333-8FDC-42A3-9474-1A3956D46DE8}") = "DesignPattern", "DesignPattern", "{7EC8AD57-2216-EF96-15AC-69523733B22C}"
EndProject
Project("{FAE04EC0-301F-11D3-BF4B-00C04F79EFBC}") = "Strategy", "DesignPattern\Strategy\Strategy.csproj", "{DA5A4779-1F58-4133-90E7-1D046CB24567}"
EndProject
Project("{FAE04EC0-301F-11D3-BF4B-00C04F79EFBC}") = "Builder", "DesignPattern\Builder\Builder.csproj", "{F83CF6E3-FF16-468E-AEF0-ABEC60A4F10E}"
EndProject
Project("{FAE04EC0-301F-11D3-BF4B-00C04F79EFBC}") = "Factory", "DesignPattern\Factory\Factory.csproj", "{7C9F4BD8-18BC-4444-A933-0F1AE05180CB}"
EndProject
Global
	GlobalSection(SolutionConfigurationPlatforms) = preSolution
		Debug|Any CPU = Debug|Any CPU
		Debug|x64 = Debug|x64
		Debug|x86 = Debug|x86
		Release|Any CPU = Release|Any CPU
		Release|x64 = Release|x64
		Release|x86 = Release|x86
	EndGlobalSection
	GlobalSection(ProjectConfigurationPlatforms) = postSolution
		{2851F363-8543-EE7A-E8D4-D4503AA25384}.Debug|Any CPU.ActiveCfg = Debug|Any CPU
		{2851F363-8543-EE7A-E8D4-D4503AA25384}.Debug|Any CPU.Build.0 = Debug|Any CPU
		{2851F363-8543-EE7A-E8D4-D4503AA25384}.Debug|x64.ActiveCfg = Debug|Any CPU
		{2851F363-8543-EE7A-E8D4-D4503AA25384}.Debug|x64.Build.0 = Debug|Any CPU
		{2851F363-8543-EE7A-E8D4-D4503AA25384}.Debug|x86.ActiveCfg = Debug|Any CPU
		{2851F363-8543-EE7A-E8D4-D4503AA25384}.Debug|x86.Build.0 = Debug|Any CPU
		{2851F363-8543-EE7A-E8D4-D4503AA25384}.Release|Any CPU.ActiveCfg = Release|Any CPU
		{2851F363-8543-EE7A-E8D4-D4503AA25384}.Release|Any CPU.Build.0 = Release|Any CPU
		{2851F363-8543-EE7A-E8D4-D4503AA25384}.Release|x64.ActiveCfg = Release|Any CPU
		{2851F363-8543-EE7A-E8D4-D4503AA25384}.Release|x64.Build.0 = Release|Any CPU
		{2851F363-8543-EE7A-E8D4-D4503AA25384}.Release|x86.ActiveCfg = Release|Any CPU
		{2851F363-8543-EE7A-E8D4-D4503AA25384}.Release|x86.Build.0 = Release|Any CPU
		{5B9A42B7-E674-4354-A45F-F4110BACA2BB}.Debug|Any CPU.ActiveCfg = Debug|Any CPU
		{5B9A42B7-E674-4354-A45F-F4110BACA2BB}.Debug|Any CPU.Build.0 = Debug|Any CPU
		{5B9A42B7-E674-4354-A45F-F4110BACA2BB}.Debug|x64.ActiveCfg = Debug|Any CPU
		{5B9A42B7-E674-4354-A45F-F4110BACA2BB}.Debug|x64.Build.0 = Debug|Any CPU
		{5B9A42B7-E674-4354-A45F-F4110BACA2BB}.Debug|x86.ActiveCfg = Debug|Any CPU
		{5B9A42B7-E674-4354-A45F-F4110BACA2BB}.Debug|x86.Build.0 = Debug|Any CPU
		{5B9A42B7-E674-4354-A45F-F4110BACA2BB}.Release|Any CPU.ActiveCfg = Release|Any CPU
		{5B9A42B7-E674-4354-A45F-F4110BACA2BB}.Release|Any CPU.Build.0 = Release|Any CPU
		{5B9A42B7-E674-4354-A45F-F4110BACA2BB}.Release|x64.ActiveCfg = Release|Any CPU
		{5B9A42B7-E674-4354-A45F-F4110BACA2BB}.Release|x64.Build.0 = Release|Any CPU
		{5B9A42B7-E674-4354-A45F-F4110BACA2BB}.Release|x86.ActiveCfg = Release|Any CPU
		{5B9A42B7-E674-4354-A45F-F4110BACA2BB}.Release|x86.Build.0 = Release|Any CPU
		{849DBC42-3EE0-4A6E-B970-B56FAEDBA272}.Debug|Any CPU.ActiveCfg = Debug|Any CPU
		{849DBC42-3EE0-4A6E-B970-B56FAEDBA272}.Debug|Any CPU.Build.0 = Debug|Any CPU
		{849DBC42-3EE0-4A6E-B970-B56FAEDBA272}.Debug|x64.ActiveCfg = Debug|Any CPU
		{849DBC42-3EE0-4A6E-B970-B56FAEDBA272}.Debug|x64.Build.0 = Debug|Any CPU
		{849DBC42-3EE0-4A6E-B970-B56FAEDBA272}.Debug|x86.ActiveCfg = Debug|Any CPU
		{849DBC42-3EE0-4A6E-B970-B56FAEDBA272}.Debug|x86.Build.0 = Debug|Any CPU
		{849DBC42-3EE0-4A6E-B970-B56FAEDBA272}.Release|Any CPU.ActiveCfg = Release|Any CPU
		{849DBC42-3EE0-4A6E-B970-B56FAEDBA272}.Release|Any CPU.Build.0 = Release|Any CPU
		{849DBC42-3EE0-4A6E-B970-B56FAEDBA272}.Release|x64.ActiveCfg = Release|Any CPU
		{849DBC42-3EE0-4A6E-B970-B56FAEDBA272}.Release|x64.Build.0 = Release|Any CPU
		{849DBC42-3EE0-4A6E-B970-B56FAEDBA272}.Release|x86.ActiveCfg = Release|Any CPU
		{849DBC42-3EE0-4A6E-B970-B56FAEDBA272}.Release|x86.Build.0 = Release|Any CPU
		{2D16B23C-7047-4BA1-A9C7-35C68A08C75A}.Debug|Any CPU.ActiveCfg = Debug|Any CPU
		{2D16B23C-7047-4BA1-A9C7-35C68A08C75A}.Debug|Any CPU.Build.0 = Debug|Any CPU
		{2D16B23C-7047-4BA1-A9C7-35C68A08C75A}.Debug|x64.ActiveCfg = Debug|Any CPU
		{2D16B23C-7047-4BA1-A9C7-35C68A08C75A}.Debug|x64.Build.0 = Debug|Any CPU
		{2D16B23C-7047-4BA1-A9C7-35C68A08C75A}.Debug|x86.ActiveCfg = Debug|Any CPU
		{2D16B23C-7047-4BA1-A9C7-35C68A08C75A}.Debug|x86.Build.0 = Debug|Any CPU
		{2D16B23C-7047-4BA1-A9C7-35C68A08C75A}.Release|Any CPU.ActiveCfg = Release|Any CPU
		{2D16B23C-7047-4BA1-A9C7-35C68A08C75A}.Release|Any CPU.Build.0 = Release|Any CPU
		{2D16B23C-7047-4BA1-A9C7-35C68A08C75A}.Release|x64.ActiveCfg = Release|Any CPU
		{2D16B23C-7047-4BA1-A9C7-35C68A08C75A}.Release|x64.Build.0 = Release|Any CPU
		{2D16B23C-7047-4BA1-A9C7-35C68A08C75A}.Release|x86.ActiveCfg = Release|Any CPU
		{2D16B23C-7047-4BA1-A9C7-35C68A08C75A}.Release|x86.Build.0 = Release|Any CPU
		{EC9BC6C6-47A5-4E61-9172-384785E2E662}.Debug|Any CPU.ActiveCfg = Debug|Any CPU
		{EC9BC6C6-47A5-4E61-9172-384785E2E662}.Debug|Any CPU.Build.0 = Debug|Any CPU
		{EC9BC6C6-47A5-4E61-9172-384785E2E662}.Debug|x64.ActiveCfg = Debug|Any CPU
		{EC9BC6C6-47A5-4E61-9172-384785E2E662}.Debug|x64.Build.0 = Debug|Any CPU
		{EC9BC6C6-47A5-4E61-9172-384785E2E662}.Debug|x86.ActiveCfg = Debug|Any CPU
		{EC9BC6C6-47A5-4E61-9172-384785E2E662}.Debug|x86.Build.0 = Debug|Any CPU
		{EC9BC6C6-47A5-4E61-9172-384785E2E662}.Release|Any CPU.ActiveCfg = Release|Any CPU
		{EC9BC6C6-47A5-4E61-9172-384785E2E662}.Release|Any CPU.Build.0 = Release|Any CPU
		{EC9BC6C6-47A5-4E61-9172-384785E2E662}.Release|x64.ActiveCfg = Release|Any CPU
		{EC9BC6C6-47A5-4E61-9172-384785E2E662}.Release|x64.Build.0 = Release|Any CPU
		{EC9BC6C6-47A5-4E61-9172-384785E2E662}.Release|x86.ActiveCfg = Release|Any CPU
		{EC9BC6C6-47A5-4E61-9172-384785E2E662}.Release|x86.Build.0 = Release|Any CPU
		{48D81073-6ACB-4F23-9E9C-FAA71DBC9D47}.Debug|Any CPU.ActiveCfg = Debug|Any CPU
		{48D81073-6ACB-4F23-9E9C-FAA71DBC9D47}.Debug|Any CPU.Build.0 = Debug|Any CPU
		{48D81073-6ACB-4F23-9E9C-FAA71DBC9D47}.Debug|x64.ActiveCfg = Debug|Any CPU
		{48D81073-6ACB-4F23-9E9C-FAA71DBC9D47}.Debug|x64.Build.0 = Debug|Any CPU
		{48D81073-6ACB-4F23-9E9C-FAA71DBC9D47}.Debug|x86.ActiveCfg = Debug|Any CPU
		{48D81073-6ACB-4F23-9E9C-FAA71DBC9D47}.Debug|x86.Build.0 = Debug|Any CPU
		{48D81073-6ACB-4F23-9E9C-FAA71DBC9D47}.Release|Any CPU.ActiveCfg = Release|Any CPU
		{48D81073-6ACB-4F23-9E9C-FAA71DBC9D47}.Release|Any CPU.Build.0 = Release|Any CPU
		{48D81073-6ACB-4F23-9E9C-FAA71DBC9D47}.Release|x64.ActiveCfg = Release|Any CPU
		{48D81073-6ACB-4F23-9E9C-FAA71DBC9D47}.Release|x64.Build.0 = Release|Any CPU
		{48D81073-6ACB-4F23-9E9C-FAA71DBC9D47}.Release|x86.ActiveCfg = Release|Any CPU
		{48D81073-6ACB-4F23-9E9C-FAA71DBC9D47}.Release|x86.Build.0 = Release|Any CPU
		{7AE9A5C7-8393-4ABF-A8F4-A5190C2DE406}.Debug|Any CPU.ActiveCfg = Debug|Any CPU
		{7AE9A5C7-8393-4ABF-A8F4-A5190C2DE406}.Debug|Any CPU.Build.0 = Debug|Any CPU
		{7AE9A5C7-8393-4ABF-A8F4-A5190C2DE406}.Debug|x64.ActiveCfg = Debug|Any CPU
		{7AE9A5C7-8393-4ABF-A8F4-A5190C2DE406}.Debug|x64.Build.0 = Debug|Any CPU
		{7AE9A5C7-8393-4ABF-A8F4-A5190C2DE406}.Debug|x86.ActiveCfg = Debug|Any CPU
		{7AE9A5C7-8393-4ABF-A8F4-A5190C2DE406}.Debug|x86.Build.0 = Debug|Any CPU
		{7AE9A5C7-8393-4ABF-A8F4-A5190C2DE406}.Release|Any CPU.ActiveCfg = Release|Any CPU
		{7AE9A5C7-8393-4ABF-A8F4-A5190C2DE406}.Release|Any CPU.Build.0 = Release|Any CPU
		{7AE9A5C7-8393-4ABF-A8F4-A5190C2DE406}.Release|x64.ActiveCfg = Release|Any CPU
		{7AE9A5C7-8393-4ABF-A8F4-A5190C2DE406}.Release|x64.Build.0 = Release|Any CPU
		{7AE9A5C7-8393-4ABF-A8F4-A5190C2DE406}.Release|x86.ActiveCfg = Release|Any CPU
		{7AE9A5C7-8393-4ABF-A8F4-A5190C2DE406}.Release|x86.Build.0 = Release|Any CPU
		{31ECB52E-8B39-4DF0-9F4E-AD174EB3FFA7}.Debug|Any CPU.ActiveCfg = Debug|Any CPU
		{31ECB52E-8B39-4DF0-9F4E-AD174EB3FFA7}.Debug|Any CPU.Build.0 = Debug|Any CPU
		{31ECB52E-8B39-4DF0-9F4E-AD174EB3FFA7}.Debug|x64.ActiveCfg = Debug|Any CPU
		{31ECB52E-8B39-4DF0-9F4E-AD174EB3FFA7}.Debug|x64.Build.0 = Debug|Any CPU
		{31ECB52E-8B39-4DF0-9F4E-AD174EB3FFA7}.Debug|x86.ActiveCfg = Debug|Any CPU
		{31ECB52E-8B39-4DF0-9F4E-AD174EB3FFA7}.Debug|x86.Build.0 = Debug|Any CPU
		{31ECB52E-8B39-4DF0-9F4E-AD174EB3FFA7}.Release|Any CPU.ActiveCfg = Release|Any CPU
		{31ECB52E-8B39-4DF0-9F4E-AD174EB3FFA7}.Release|Any CPU.Build.0 = Release|Any CPU
		{31ECB52E-8B39-4DF0-9F4E-AD174EB3FFA7}.Release|x64.ActiveCfg = Release|Any CPU
		{31ECB52E-8B39-4DF0-9F4E-AD174EB3FFA7}.Release|x64.Build.0 = Release|Any CPU
		{31ECB52E-8B39-4DF0-9F4E-AD174EB3FFA7}.Release|x86.ActiveCfg = Release|Any CPU
		{31ECB52E-8B39-4DF0-9F4E-AD174EB3FFA7}.Release|x86.Build.0 = Release|Any CPU
		{1588BB7F-10FA-4D13-878D-0DC8178283F7}.Debug|Any CPU.ActiveCfg = Debug|Any CPU
		{1588BB7F-10FA-4D13-878D-0DC8178283F7}.Debug|Any CPU.Build.0 = Debug|Any CPU
		{1588BB7F-10FA-4D13-878D-0DC8178283F7}.Debug|x64.ActiveCfg = Debug|Any CPU
		{1588BB7F-10FA-4D13-878D-0DC8178283F7}.Debug|x64.Build.0 = Debug|Any CPU
		{1588BB7F-10FA-4D13-878D-0DC8178283F7}.Debug|x86.ActiveCfg = Debug|Any CPU
		{1588BB7F-10FA-4D13-878D-0DC8178283F7}.Debug|x86.Build.0 = Debug|Any CPU
		{1588BB7F-10FA-4D13-878D-0DC8178283F7}.Release|Any CPU.ActiveCfg = Release|Any CPU
		{1588BB7F-10FA-4D13-878D-0DC8178283F7}.Release|Any CPU.Build.0 = Release|Any CPU
		{1588BB7F-10FA-4D13-878D-0DC8178283F7}.Release|x64.ActiveCfg = Release|Any CPU
		{1588BB7F-10FA-4D13-878D-0DC8178283F7}.Release|x64.Build.0 = Release|Any CPU
		{1588BB7F-10FA-4D13-878D-0DC8178283F7}.Release|x86.ActiveCfg = Release|Any CPU
		{1588BB7F-10FA-4D13-878D-0DC8178283F7}.Release|x86.Build.0 = Release|Any CPU
		{2CB37EFE-9AF5-41DD-A53B-0820C1C0AE08}.Debug|Any CPU.ActiveCfg = Debug|Any CPU
		{2CB37EFE-9AF5-41DD-A53B-0820C1C0AE08}.Debug|Any CPU.Build.0 = Debug|Any CPU
		{2CB37EFE-9AF5-41DD-A53B-0820C1C0AE08}.Debug|x64.ActiveCfg = Debug|Any CPU
		{2CB37EFE-9AF5-41DD-A53B-0820C1C0AE08}.Debug|x64.Build.0 = Debug|Any CPU
		{2CB37EFE-9AF5-41DD-A53B-0820C1C0AE08}.Debug|x86.ActiveCfg = Debug|Any CPU
		{2CB37EFE-9AF5-41DD-A53B-0820C1C0AE08}.Debug|x86.Build.0 = Debug|Any CPU
		{2CB37EFE-9AF5-41DD-A53B-0820C1C0AE08}.Release|Any CPU.ActiveCfg = Release|Any CPU
		{2CB37EFE-9AF5-41DD-A53B-0820C1C0AE08}.Release|Any CPU.Build.0 = Release|Any CPU
		{2CB37EFE-9AF5-41DD-A53B-0820C1C0AE08}.Release|x64.ActiveCfg = Release|Any CPU
		{2CB37EFE-9AF5-41DD-A53B-0820C1C0AE08}.Release|x64.Build.0 = Release|Any CPU
		{2CB37EFE-9AF5-41DD-A53B-0820C1C0AE08}.Release|x86.ActiveCfg = Release|Any CPU
		{2CB37EFE-9AF5-41DD-A53B-0820C1C0AE08}.Release|x86.Build.0 = Release|Any CPU
		{48E6FD4D-D56A-4225-94DE-94E9453E98D1}.Debug|Any CPU.ActiveCfg = Debug|Any CPU
		{48E6FD4D-D56A-4225-94DE-94E9453E98D1}.Debug|Any CPU.Build.0 = Debug|Any CPU
		{48E6FD4D-D56A-4225-94DE-94E9453E98D1}.Debug|x64.ActiveCfg = Debug|Any CPU
		{48E6FD4D-D56A-4225-94DE-94E9453E98D1}.Debug|x64.Build.0 = Debug|Any CPU
		{48E6FD4D-D56A-4225-94DE-94E9453E98D1}.Debug|x86.ActiveCfg = Debug|Any CPU
		{48E6FD4D-D56A-4225-94DE-94E9453E98D1}.Debug|x86.Build.0 = Debug|Any CPU
		{48E6FD4D-D56A-4225-94DE-94E9453E98D1}.Release|Any CPU.ActiveCfg = Release|Any CPU
		{48E6FD4D-D56A-4225-94DE-94E9453E98D1}.Release|Any CPU.Build.0 = Release|Any CPU
		{48E6FD4D-D56A-4225-94DE-94E9453E98D1}.Release|x64.ActiveCfg = Release|Any CPU
		{48E6FD4D-D56A-4225-94DE-94E9453E98D1}.Release|x64.Build.0 = Release|Any CPU
		{48E6FD4D-D56A-4225-94DE-94E9453E98D1}.Release|x86.ActiveCfg = Release|Any CPU
		{48E6FD4D-D56A-4225-94DE-94E9453E98D1}.Release|x86.Build.0 = Release|Any CPU
		{E99F1E6E-67E3-4997-9DAD-4A26B5DBC35D}.Debug|Any CPU.ActiveCfg = Debug|Any CPU
		{E99F1E6E-67E3-4997-9DAD-4A26B5DBC35D}.Debug|Any CPU.Build.0 = Debug|Any CPU
		{E99F1E6E-67E3-4997-9DAD-4A26B5DBC35D}.Debug|x64.ActiveCfg = Debug|Any CPU
		{E99F1E6E-67E3-4997-9DAD-4A26B5DBC35D}.Debug|x64.Build.0 = Debug|Any CPU
		{E99F1E6E-67E3-4997-9DAD-4A26B5DBC35D}.Debug|x86.ActiveCfg = Debug|Any CPU
		{E99F1E6E-67E3-4997-9DAD-4A26B5DBC35D}.Debug|x86.Build.0 = Debug|Any CPU
		{E99F1E6E-67E3-4997-9DAD-4A26B5DBC35D}.Release|Any CPU.ActiveCfg = Release|Any CPU
		{E99F1E6E-67E3-4997-9DAD-4A26B5DBC35D}.Release|Any CPU.Build.0 = Release|Any CPU
		{E99F1E6E-67E3-4997-9DAD-4A26B5DBC35D}.Release|x64.ActiveCfg = Release|Any CPU
		{E99F1E6E-67E3-4997-9DAD-4A26B5DBC35D}.Release|x64.Build.0 = Release|Any CPU
		{E99F1E6E-67E3-4997-9DAD-4A26B5DBC35D}.Release|x86.ActiveCfg = Release|Any CPU
		{E99F1E6E-67E3-4997-9DAD-4A26B5DBC35D}.Release|x86.Build.0 = Release|Any CPU
		{454FE3B4-408A-4A10-9DAF-E289AD767908}.Debug|Any CPU.ActiveCfg = Debug|Any CPU
		{454FE3B4-408A-4A10-9DAF-E289AD767908}.Debug|Any CPU.Build.0 = Debug|Any CPU
		{454FE3B4-408A-4A10-9DAF-E289AD767908}.Debug|x64.ActiveCfg = Debug|Any CPU
		{454FE3B4-408A-4A10-9DAF-E289AD767908}.Debug|x64.Build.0 = Debug|Any CPU
		{454FE3B4-408A-4A10-9DAF-E289AD767908}.Debug|x86.ActiveCfg = Debug|Any CPU
		{454FE3B4-408A-4A10-9DAF-E289AD767908}.Debug|x86.Build.0 = Debug|Any CPU
		{454FE3B4-408A-4A10-9DAF-E289AD767908}.Release|Any CPU.ActiveCfg = Release|Any CPU
		{454FE3B4-408A-4A10-9DAF-E289AD767908}.Release|Any CPU.Build.0 = Release|Any CPU
		{454FE3B4-408A-4A10-9DAF-E289AD767908}.Release|x64.ActiveCfg = Release|Any CPU
		{454FE3B4-408A-4A10-9DAF-E289AD767908}.Release|x64.Build.0 = Release|Any CPU
		{454FE3B4-408A-4A10-9DAF-E289AD767908}.Release|x86.ActiveCfg = Release|Any CPU
		{454FE3B4-408A-4A10-9DAF-E289AD767908}.Release|x86.Build.0 = Release|Any CPU
		{66E4298B-E38E-4324-B6DB-1718F371F916}.Debug|Any CPU.ActiveCfg = Debug|Any CPU
		{66E4298B-E38E-4324-B6DB-1718F371F916}.Debug|Any CPU.Build.0 = Debug|Any CPU
		{66E4298B-E38E-4324-B6DB-1718F371F916}.Debug|x64.ActiveCfg = Debug|Any CPU
		{66E4298B-E38E-4324-B6DB-1718F371F916}.Debug|x64.Build.0 = Debug|Any CPU
		{66E4298B-E38E-4324-B6DB-1718F371F916}.Debug|x86.ActiveCfg = Debug|Any CPU
		{66E4298B-E38E-4324-B6DB-1718F371F916}.Debug|x86.Build.0 = Debug|Any CPU
		{66E4298B-E38E-4324-B6DB-1718F371F916}.Release|Any CPU.ActiveCfg = Release|Any CPU
		{66E4298B-E38E-4324-B6DB-1718F371F916}.Release|Any CPU.Build.0 = Release|Any CPU
		{66E4298B-E38E-4324-B6DB-1718F371F916}.Release|x64.ActiveCfg = Release|Any CPU
		{66E4298B-E38E-4324-B6DB-1718F371F916}.Release|x64.Build.0 = Release|Any CPU
		{66E4298B-E38E-4324-B6DB-1718F371F916}.Release|x86.ActiveCfg = Release|Any CPU
		{66E4298B-E38E-4324-B6DB-1718F371F916}.Release|x86.Build.0 = Release|Any CPU
		{1C7F8BEC-D778-4647-B9D0-37D2A49BBC67}.Debug|Any CPU.ActiveCfg = Debug|Any CPU
		{1C7F8BEC-D778-4647-B9D0-37D2A49BBC67}.Debug|Any CPU.Build.0 = Debug|Any CPU
		{1C7F8BEC-D778-4647-B9D0-37D2A49BBC67}.Debug|x64.ActiveCfg = Debug|Any CPU
		{1C7F8BEC-D778-4647-B9D0-37D2A49BBC67}.Debug|x64.Build.0 = Debug|Any CPU
		{1C7F8BEC-D778-4647-B9D0-37D2A49BBC67}.Debug|x86.ActiveCfg = Debug|Any CPU
		{1C7F8BEC-D778-4647-B9D0-37D2A49BBC67}.Debug|x86.Build.0 = Debug|Any CPU
		{1C7F8BEC-D778-4647-B9D0-37D2A49BBC67}.Release|Any CPU.ActiveCfg = Release|Any CPU
		{1C7F8BEC-D778-4647-B9D0-37D2A49BBC67}.Release|Any CPU.Build.0 = Release|Any CPU
		{1C7F8BEC-D778-4647-B9D0-37D2A49BBC67}.Release|x64.ActiveCfg = Release|Any CPU
		{1C7F8BEC-D778-4647-B9D0-37D2A49BBC67}.Release|x64.Build.0 = Release|Any CPU
		{1C7F8BEC-D778-4647-B9D0-37D2A49BBC67}.Release|x86.ActiveCfg = Release|Any CPU
		{1C7F8BEC-D778-4647-B9D0-37D2A49BBC67}.Release|x86.Build.0 = Release|Any CPU
		{53004744-CC1F-41EC-A740-F613C1656F07}.Debug|Any CPU.ActiveCfg = Debug|Any CPU
		{53004744-CC1F-41EC-A740-F613C1656F07}.Debug|Any CPU.Build.0 = Debug|Any CPU
		{53004744-CC1F-41EC-A740-F613C1656F07}.Debug|x64.ActiveCfg = Debug|Any CPU
		{53004744-CC1F-41EC-A740-F613C1656F07}.Debug|x64.Build.0 = Debug|Any CPU
		{53004744-CC1F-41EC-A740-F613C1656F07}.Debug|x86.ActiveCfg = Debug|Any CPU
		{53004744-CC1F-41EC-A740-F613C1656F07}.Debug|x86.Build.0 = Debug|Any CPU
		{53004744-CC1F-41EC-A740-F613C1656F07}.Release|Any CPU.ActiveCfg = Release|Any CPU
		{53004744-CC1F-41EC-A740-F613C1656F07}.Release|Any CPU.Build.0 = Release|Any CPU
		{53004744-CC1F-41EC-A740-F613C1656F07}.Release|x64.ActiveCfg = Release|Any CPU
		{53004744-CC1F-41EC-A740-F613C1656F07}.Release|x64.Build.0 = Release|Any CPU
		{53004744-CC1F-41EC-A740-F613C1656F07}.Release|x86.ActiveCfg = Release|Any CPU
		{53004744-CC1F-41EC-A740-F613C1656F07}.Release|x86.Build.0 = Release|Any CPU
		{B38A4FFB-2BFB-4DAD-8183-A827FEEFDBE1}.Debug|Any CPU.ActiveCfg = Debug|Any CPU
		{B38A4FFB-2BFB-4DAD-8183-A827FEEFDBE1}.Debug|Any CPU.Build.0 = Debug|Any CPU
		{B38A4FFB-2BFB-4DAD-8183-A827FEEFDBE1}.Debug|x64.ActiveCfg = Debug|Any CPU
		{B38A4FFB-2BFB-4DAD-8183-A827FEEFDBE1}.Debug|x64.Build.0 = Debug|Any CPU
		{B38A4FFB-2BFB-4DAD-8183-A827FEEFDBE1}.Debug|x86.ActiveCfg = Debug|Any CPU
		{B38A4FFB-2BFB-4DAD-8183-A827FEEFDBE1}.Debug|x86.Build.0 = Debug|Any CPU
		{B38A4FFB-2BFB-4DAD-8183-A827FEEFDBE1}.Release|Any CPU.ActiveCfg = Release|Any CPU
		{B38A4FFB-2BFB-4DAD-8183-A827FEEFDBE1}.Release|Any CPU.Build.0 = Release|Any CPU
		{B38A4FFB-2BFB-4DAD-8183-A827FEEFDBE1}.Release|x64.ActiveCfg = Release|Any CPU
		{B38A4FFB-2BFB-4DAD-8183-A827FEEFDBE1}.Release|x64.Build.0 = Release|Any CPU
		{B38A4FFB-2BFB-4DAD-8183-A827FEEFDBE1}.Release|x86.ActiveCfg = Release|Any CPU
		{B38A4FFB-2BFB-4DAD-8183-A827FEEFDBE1}.Release|x86.Build.0 = Release|Any CPU
		{315290C2-24A5-412C-8CC7-3F5B071B53EB}.Debug|Any CPU.ActiveCfg = Debug|Any CPU
		{315290C2-24A5-412C-8CC7-3F5B071B53EB}.Debug|Any CPU.Build.0 = Debug|Any CPU
		{315290C2-24A5-412C-8CC7-3F5B071B53EB}.Debug|x64.ActiveCfg = Debug|Any CPU
		{315290C2-24A5-412C-8CC7-3F5B071B53EB}.Debug|x64.Build.0 = Debug|Any CPU
		{315290C2-24A5-412C-8CC7-3F5B071B53EB}.Debug|x86.ActiveCfg = Debug|Any CPU
		{315290C2-24A5-412C-8CC7-3F5B071B53EB}.Debug|x86.Build.0 = Debug|Any CPU
		{315290C2-24A5-412C-8CC7-3F5B071B53EB}.Release|Any CPU.ActiveCfg = Release|Any CPU
		{315290C2-24A5-412C-8CC7-3F5B071B53EB}.Release|Any CPU.Build.0 = Release|Any CPU
		{315290C2-24A5-412C-8CC7-3F5B071B53EB}.Release|x64.ActiveCfg = Release|Any CPU
		{315290C2-24A5-412C-8CC7-3F5B071B53EB}.Release|x64.Build.0 = Release|Any CPU
		{315290C2-24A5-412C-8CC7-3F5B071B53EB}.Release|x86.ActiveCfg = Release|Any CPU
		{315290C2-24A5-412C-8CC7-3F5B071B53EB}.Release|x86.Build.0 = Release|Any CPU
		{0D08453C-3055-44F1-8D51-A448844728B9}.Debug|Any CPU.ActiveCfg = Debug|Any CPU
		{0D08453C-3055-44F1-8D51-A448844728B9}.Debug|Any CPU.Build.0 = Debug|Any CPU
		{0D08453C-3055-44F1-8D51-A448844728B9}.Debug|x64.ActiveCfg = Debug|Any CPU
		{0D08453C-3055-44F1-8D51-A448844728B9}.Debug|x64.Build.0 = Debug|Any CPU
		{0D08453C-3055-44F1-8D51-A448844728B9}.Debug|x86.ActiveCfg = Debug|Any CPU
		{0D08453C-3055-44F1-8D51-A448844728B9}.Debug|x86.Build.0 = Debug|Any CPU
		{0D08453C-3055-44F1-8D51-A448844728B9}.Release|Any CPU.ActiveCfg = Release|Any CPU
		{0D08453C-3055-44F1-8D51-A448844728B9}.Release|Any CPU.Build.0 = Release|Any CPU
		{0D08453C-3055-44F1-8D51-A448844728B9}.Release|x64.ActiveCfg = Release|Any CPU
		{0D08453C-3055-44F1-8D51-A448844728B9}.Release|x64.Build.0 = Release|Any CPU
		{0D08453C-3055-44F1-8D51-A448844728B9}.Release|x86.ActiveCfg = Release|Any CPU
		{0D08453C-3055-44F1-8D51-A448844728B9}.Release|x86.Build.0 = Release|Any CPU
		{DBE4277C-6AB9-45F5-AC2E-8A183D3AAB9A}.Debug|Any CPU.ActiveCfg = Debug|Any CPU
		{DBE4277C-6AB9-45F5-AC2E-8A183D3AAB9A}.Debug|Any CPU.Build.0 = Debug|Any CPU
		{DBE4277C-6AB9-45F5-AC2E-8A183D3AAB9A}.Debug|x64.ActiveCfg = Debug|Any CPU
		{DBE4277C-6AB9-45F5-AC2E-8A183D3AAB9A}.Debug|x64.Build.0 = Debug|Any CPU
		{DBE4277C-6AB9-45F5-AC2E-8A183D3AAB9A}.Debug|x86.ActiveCfg = Debug|Any CPU
		{DBE4277C-6AB9-45F5-AC2E-8A183D3AAB9A}.Debug|x86.Build.0 = Debug|Any CPU
		{DBE4277C-6AB9-45F5-AC2E-8A183D3AAB9A}.Release|Any CPU.ActiveCfg = Release|Any CPU
		{DBE4277C-6AB9-45F5-AC2E-8A183D3AAB9A}.Release|Any CPU.Build.0 = Release|Any CPU
		{DBE4277C-6AB9-45F5-AC2E-8A183D3AAB9A}.Release|x64.ActiveCfg = Release|Any CPU
		{DBE4277C-6AB9-45F5-AC2E-8A183D3AAB9A}.Release|x64.Build.0 = Release|Any CPU
		{DBE4277C-6AB9-45F5-AC2E-8A183D3AAB9A}.Release|x86.ActiveCfg = Release|Any CPU
		{DBE4277C-6AB9-45F5-AC2E-8A183D3AAB9A}.Release|x86.Build.0 = Release|Any CPU
		{E0D3900A-A382-4A00-BFEC-824B8C919939}.Debug|Any CPU.ActiveCfg = Debug|Any CPU
		{E0D3900A-A382-4A00-BFEC-824B8C919939}.Debug|Any CPU.Build.0 = Debug|Any CPU
		{E0D3900A-A382-4A00-BFEC-824B8C919939}.Debug|x64.ActiveCfg = Debug|Any CPU
		{E0D3900A-A382-4A00-BFEC-824B8C919939}.Debug|x64.Build.0 = Debug|Any CPU
		{E0D3900A-A382-4A00-BFEC-824B8C919939}.Debug|x86.ActiveCfg = Debug|Any CPU
		{E0D3900A-A382-4A00-BFEC-824B8C919939}.Debug|x86.Build.0 = Debug|Any CPU
		{E0D3900A-A382-4A00-BFEC-824B8C919939}.Release|Any CPU.ActiveCfg = Release|Any CPU
		{E0D3900A-A382-4A00-BFEC-824B8C919939}.Release|Any CPU.Build.0 = Release|Any CPU
		{E0D3900A-A382-4A00-BFEC-824B8C919939}.Release|x64.ActiveCfg = Release|Any CPU
		{E0D3900A-A382-4A00-BFEC-824B8C919939}.Release|x64.Build.0 = Release|Any CPU
		{E0D3900A-A382-4A00-BFEC-824B8C919939}.Release|x86.ActiveCfg = Release|Any CPU
		{E0D3900A-A382-4A00-BFEC-824B8C919939}.Release|x86.Build.0 = Release|Any CPU
		{D527D687-848B-4CAD-9E3C-861DA31179FA}.Debug|Any CPU.ActiveCfg = Debug|Any CPU
		{D527D687-848B-4CAD-9E3C-861DA31179FA}.Debug|Any CPU.Build.0 = Debug|Any CPU
		{D527D687-848B-4CAD-9E3C-861DA31179FA}.Debug|x64.ActiveCfg = Debug|Any CPU
		{D527D687-848B-4CAD-9E3C-861DA31179FA}.Debug|x64.Build.0 = Debug|Any CPU
		{D527D687-848B-4CAD-9E3C-861DA31179FA}.Debug|x86.ActiveCfg = Debug|Any CPU
		{D527D687-848B-4CAD-9E3C-861DA31179FA}.Debug|x86.Build.0 = Debug|Any CPU
		{D527D687-848B-4CAD-9E3C-861DA31179FA}.Release|Any CPU.ActiveCfg = Release|Any CPU
		{D527D687-848B-4CAD-9E3C-861DA31179FA}.Release|Any CPU.Build.0 = Release|Any CPU
		{D527D687-848B-4CAD-9E3C-861DA31179FA}.Release|x64.ActiveCfg = Release|Any CPU
		{D527D687-848B-4CAD-9E3C-861DA31179FA}.Release|x64.Build.0 = Release|Any CPU
		{D527D687-848B-4CAD-9E3C-861DA31179FA}.Release|x86.ActiveCfg = Release|Any CPU
		{D527D687-848B-4CAD-9E3C-861DA31179FA}.Release|x86.Build.0 = Release|Any CPU
		{31BFE20C-50B8-46A2-9E3D-DB9FAA69E976}.Debug|Any CPU.ActiveCfg = Debug|Any CPU
		{31BFE20C-50B8-46A2-9E3D-DB9FAA69E976}.Debug|Any CPU.Build.0 = Debug|Any CPU
		{31BFE20C-50B8-46A2-9E3D-DB9FAA69E976}.Debug|x64.ActiveCfg = Debug|Any CPU
		{31BFE20C-50B8-46A2-9E3D-DB9FAA69E976}.Debug|x64.Build.0 = Debug|Any CPU
		{31BFE20C-50B8-46A2-9E3D-DB9FAA69E976}.Debug|x86.ActiveCfg = Debug|Any CPU
		{31BFE20C-50B8-46A2-9E3D-DB9FAA69E976}.Debug|x86.Build.0 = Debug|Any CPU
		{31BFE20C-50B8-46A2-9E3D-DB9FAA69E976}.Release|Any CPU.ActiveCfg = Release|Any CPU
		{31BFE20C-50B8-46A2-9E3D-DB9FAA69E976}.Release|Any CPU.Build.0 = Release|Any CPU
		{31BFE20C-50B8-46A2-9E3D-DB9FAA69E976}.Release|x64.ActiveCfg = Release|Any CPU
		{31BFE20C-50B8-46A2-9E3D-DB9FAA69E976}.Release|x64.Build.0 = Release|Any CPU
		{31BFE20C-50B8-46A2-9E3D-DB9FAA69E976}.Release|x86.ActiveCfg = Release|Any CPU
		{31BFE20C-50B8-46A2-9E3D-DB9FAA69E976}.Release|x86.Build.0 = Release|Any CPU
		{A75DD474-F6BD-41C7-A982-712AABDFDC5B}.Debug|Any CPU.ActiveCfg = Debug|Any CPU
		{A75DD474-F6BD-41C7-A982-712AABDFDC5B}.Debug|Any CPU.Build.0 = Debug|Any CPU
		{A75DD474-F6BD-41C7-A982-712AABDFDC5B}.Debug|x64.ActiveCfg = Debug|Any CPU
		{A75DD474-F6BD-41C7-A982-712AABDFDC5B}.Debug|x64.Build.0 = Debug|Any CPU
		{A75DD474-F6BD-41C7-A982-712AABDFDC5B}.Debug|x86.ActiveCfg = Debug|Any CPU
		{A75DD474-F6BD-41C7-A982-712AABDFDC5B}.Debug|x86.Build.0 = Debug|Any CPU
		{A75DD474-F6BD-41C7-A982-712AABDFDC5B}.Release|Any CPU.ActiveCfg = Release|Any CPU
		{A75DD474-F6BD-41C7-A982-712AABDFDC5B}.Release|Any CPU.Build.0 = Release|Any CPU
		{A75DD474-F6BD-41C7-A982-712AABDFDC5B}.Release|x64.ActiveCfg = Release|Any CPU
		{A75DD474-F6BD-41C7-A982-712AABDFDC5B}.Release|x64.Build.0 = Release|Any CPU
		{A75DD474-F6BD-41C7-A982-712AABDFDC5B}.Release|x86.ActiveCfg = Release|Any CPU
		{A75DD474-F6BD-41C7-A982-712AABDFDC5B}.Release|x86.Build.0 = Release|Any CPU
		{72348A82-C4C6-4948-94C4-64EB561023CA}.Debug|Any CPU.ActiveCfg = Debug|Any CPU
		{72348A82-C4C6-4948-94C4-64EB561023CA}.Debug|Any CPU.Build.0 = Debug|Any CPU
		{72348A82-C4C6-4948-94C4-64EB561023CA}.Debug|x64.ActiveCfg = Debug|Any CPU
		{72348A82-C4C6-4948-94C4-64EB561023CA}.Debug|x64.Build.0 = Debug|Any CPU
		{72348A82-C4C6-4948-94C4-64EB561023CA}.Debug|x86.ActiveCfg = Debug|Any CPU
		{72348A82-C4C6-4948-94C4-64EB561023CA}.Debug|x86.Build.0 = Debug|Any CPU
		{72348A82-C4C6-4948-94C4-64EB561023CA}.Release|Any CPU.ActiveCfg = Release|Any CPU
		{72348A82-C4C6-4948-94C4-64EB561023CA}.Release|Any CPU.Build.0 = Release|Any CPU
		{72348A82-C4C6-4948-94C4-64EB561023CA}.Release|x64.ActiveCfg = Release|Any CPU
		{72348A82-C4C6-4948-94C4-64EB561023CA}.Release|x64.Build.0 = Release|Any CPU
		{72348A82-C4C6-4948-94C4-64EB561023CA}.Release|x86.ActiveCfg = Release|Any CPU
		{72348A82-C4C6-4948-94C4-64EB561023CA}.Release|x86.Build.0 = Release|Any CPU
		{0393B5E4-D838-45E0-B81A-035684F2B420}.Debug|Any CPU.ActiveCfg = Debug|Any CPU
		{0393B5E4-D838-45E0-B81A-035684F2B420}.Debug|Any CPU.Build.0 = Debug|Any CPU
		{0393B5E4-D838-45E0-B81A-035684F2B420}.Debug|x64.ActiveCfg = Debug|Any CPU
		{0393B5E4-D838-45E0-B81A-035684F2B420}.Debug|x64.Build.0 = Debug|Any CPU
		{0393B5E4-D838-45E0-B81A-035684F2B420}.Debug|x86.ActiveCfg = Debug|Any CPU
		{0393B5E4-D838-45E0-B81A-035684F2B420}.Debug|x86.Build.0 = Debug|Any CPU
		{0393B5E4-D838-45E0-B81A-035684F2B420}.Release|Any CPU.ActiveCfg = Release|Any CPU
		{0393B5E4-D838-45E0-B81A-035684F2B420}.Release|Any CPU.Build.0 = Release|Any CPU
		{0393B5E4-D838-45E0-B81A-035684F2B420}.Release|x64.ActiveCfg = Release|Any CPU
		{0393B5E4-D838-45E0-B81A-035684F2B420}.Release|x64.Build.0 = Release|Any CPU
		{0393B5E4-D838-45E0-B81A-035684F2B420}.Release|x86.ActiveCfg = Release|Any CPU
		{0393B5E4-D838-45E0-B81A-035684F2B420}.Release|x86.Build.0 = Release|Any CPU
		{31893E2C-1E86-4F32-93FF-F897AE5664CB}.Debug|Any CPU.ActiveCfg = Debug|Any CPU
		{31893E2C-1E86-4F32-93FF-F897AE5664CB}.Debug|Any CPU.Build.0 = Debug|Any CPU
		{31893E2C-1E86-4F32-93FF-F897AE5664CB}.Debug|x64.ActiveCfg = Debug|Any CPU
		{31893E2C-1E86-4F32-93FF-F897AE5664CB}.Debug|x64.Build.0 = Debug|Any CPU
		{31893E2C-1E86-4F32-93FF-F897AE5664CB}.Debug|x86.ActiveCfg = Debug|Any CPU
		{31893E2C-1E86-4F32-93FF-F897AE5664CB}.Debug|x86.Build.0 = Debug|Any CPU
		{31893E2C-1E86-4F32-93FF-F897AE5664CB}.Release|Any CPU.ActiveCfg = Release|Any CPU
		{31893E2C-1E86-4F32-93FF-F897AE5664CB}.Release|Any CPU.Build.0 = Release|Any CPU
		{31893E2C-1E86-4F32-93FF-F897AE5664CB}.Release|x64.ActiveCfg = Release|Any CPU
		{31893E2C-1E86-4F32-93FF-F897AE5664CB}.Release|x64.Build.0 = Release|Any CPU
		{31893E2C-1E86-4F32-93FF-F897AE5664CB}.Release|x86.ActiveCfg = Release|Any CPU
		{31893E2C-1E86-4F32-93FF-F897AE5664CB}.Release|x86.Build.0 = Release|Any CPU
		{EDA0155A-0DD4-4A0C-AE0C-AC0174F9C369}.Debug|Any CPU.ActiveCfg = Debug|Any CPU
		{EDA0155A-0DD4-4A0C-AE0C-AC0174F9C369}.Debug|Any CPU.Build.0 = Debug|Any CPU
		{EDA0155A-0DD4-4A0C-AE0C-AC0174F9C369}.Debug|x64.ActiveCfg = Debug|Any CPU
		{EDA0155A-0DD4-4A0C-AE0C-AC0174F9C369}.Debug|x64.Build.0 = Debug|Any CPU
		{EDA0155A-0DD4-4A0C-AE0C-AC0174F9C369}.Debug|x86.ActiveCfg = Debug|Any CPU
		{EDA0155A-0DD4-4A0C-AE0C-AC0174F9C369}.Debug|x86.Build.0 = Debug|Any CPU
		{EDA0155A-0DD4-4A0C-AE0C-AC0174F9C369}.Release|Any CPU.ActiveCfg = Release|Any CPU
		{EDA0155A-0DD4-4A0C-AE0C-AC0174F9C369}.Release|Any CPU.Build.0 = Release|Any CPU
		{EDA0155A-0DD4-4A0C-AE0C-AC0174F9C369}.Release|x64.ActiveCfg = Release|Any CPU
		{EDA0155A-0DD4-4A0C-AE0C-AC0174F9C369}.Release|x64.Build.0 = Release|Any CPU
		{EDA0155A-0DD4-4A0C-AE0C-AC0174F9C369}.Release|x86.ActiveCfg = Release|Any CPU
		{EDA0155A-0DD4-4A0C-AE0C-AC0174F9C369}.Release|x86.Build.0 = Release|Any CPU
		{59C5A9AD-82F4-4A0F-BA6E-1530E656DC56}.Debug|Any CPU.ActiveCfg = Debug|Any CPU
		{59C5A9AD-82F4-4A0F-BA6E-1530E656DC56}.Debug|Any CPU.Build.0 = Debug|Any CPU
		{59C5A9AD-82F4-4A0F-BA6E-1530E656DC56}.Debug|x64.ActiveCfg = Debug|Any CPU
		{59C5A9AD-82F4-4A0F-BA6E-1530E656DC56}.Debug|x64.Build.0 = Debug|Any CPU
		{59C5A9AD-82F4-4A0F-BA6E-1530E656DC56}.Debug|x86.ActiveCfg = Debug|Any CPU
		{59C5A9AD-82F4-4A0F-BA6E-1530E656DC56}.Debug|x86.Build.0 = Debug|Any CPU
		{59C5A9AD-82F4-4A0F-BA6E-1530E656DC56}.Release|Any CPU.ActiveCfg = Release|Any CPU
		{59C5A9AD-82F4-4A0F-BA6E-1530E656DC56}.Release|Any CPU.Build.0 = Release|Any CPU
		{59C5A9AD-82F4-4A0F-BA6E-1530E656DC56}.Release|x64.ActiveCfg = Release|Any CPU
		{59C5A9AD-82F4-4A0F-BA6E-1530E656DC56}.Release|x64.Build.0 = Release|Any CPU
		{59C5A9AD-82F4-4A0F-BA6E-1530E656DC56}.Release|x86.ActiveCfg = Release|Any CPU
		{59C5A9AD-82F4-4A0F-BA6E-1530E656DC56}.Release|x86.Build.0 = Release|Any CPU
		{DA5A4779-1F58-4133-90E7-1D046CB24567}.Debug|Any CPU.ActiveCfg = Debug|Any CPU
		{DA5A4779-1F58-4133-90E7-1D046CB24567}.Debug|Any CPU.Build.0 = Debug|Any CPU
		{DA5A4779-1F58-4133-90E7-1D046CB24567}.Debug|x64.ActiveCfg = Debug|Any CPU
		{DA5A4779-1F58-4133-90E7-1D046CB24567}.Debug|x64.Build.0 = Debug|Any CPU
		{DA5A4779-1F58-4133-90E7-1D046CB24567}.Debug|x86.ActiveCfg = Debug|Any CPU
		{DA5A4779-1F58-4133-90E7-1D046CB24567}.Debug|x86.Build.0 = Debug|Any CPU
		{DA5A4779-1F58-4133-90E7-1D046CB24567}.Release|Any CPU.ActiveCfg = Release|Any CPU
		{DA5A4779-1F58-4133-90E7-1D046CB24567}.Release|Any CPU.Build.0 = Release|Any CPU
		{DA5A4779-1F58-4133-90E7-1D046CB24567}.Release|x64.ActiveCfg = Release|Any CPU
		{DA5A4779-1F58-4133-90E7-1D046CB24567}.Release|x64.Build.0 = Release|Any CPU
		{DA5A4779-1F58-4133-90E7-1D046CB24567}.Release|x86.ActiveCfg = Release|Any CPU
		{DA5A4779-1F58-4133-90E7-1D046CB24567}.Release|x86.Build.0 = Release|Any CPU
		{F83CF6E3-FF16-468E-AEF0-ABEC60A4F10E}.Debug|Any CPU.ActiveCfg = Debug|Any CPU
		{F83CF6E3-FF16-468E-AEF0-ABEC60A4F10E}.Debug|Any CPU.Build.0 = Debug|Any CPU
		{F83CF6E3-FF16-468E-AEF0-ABEC60A4F10E}.Debug|x64.ActiveCfg = Debug|Any CPU
		{F83CF6E3-FF16-468E-AEF0-ABEC60A4F10E}.Debug|x64.Build.0 = Debug|Any CPU
		{F83CF6E3-FF16-468E-AEF0-ABEC60A4F10E}.Debug|x86.ActiveCfg = Debug|Any CPU
		{F83CF6E3-FF16-468E-AEF0-ABEC60A4F10E}.Debug|x86.Build.0 = Debug|Any CPU
		{F83CF6E3-FF16-468E-AEF0-ABEC60A4F10E}.Release|Any CPU.ActiveCfg = Release|Any CPU
		{F83CF6E3-FF16-468E-AEF0-ABEC60A4F10E}.Release|Any CPU.Build.0 = Release|Any CPU
		{F83CF6E3-FF16-468E-AEF0-ABEC60A4F10E}.Release|x64.ActiveCfg = Release|Any CPU
		{F83CF6E3-FF16-468E-AEF0-ABEC60A4F10E}.Release|x64.Build.0 = Release|Any CPU
		{F83CF6E3-FF16-468E-AEF0-ABEC60A4F10E}.Release|x86.ActiveCfg = Release|Any CPU
		{F83CF6E3-FF16-468E-AEF0-ABEC60A4F10E}.Release|x86.Build.0 = Release|Any CPU
		{7C9F4BD8-18BC-4444-A933-0F1AE05180CB}.Debug|Any CPU.ActiveCfg = Debug|Any CPU
		{7C9F4BD8-18BC-4444-A933-0F1AE05180CB}.Debug|Any CPU.Build.0 = Debug|Any CPU
		{7C9F4BD8-18BC-4444-A933-0F1AE05180CB}.Debug|x64.ActiveCfg = Debug|Any CPU
		{7C9F4BD8-18BC-4444-A933-0F1AE05180CB}.Debug|x64.Build.0 = Debug|Any CPU
		{7C9F4BD8-18BC-4444-A933-0F1AE05180CB}.Debug|x86.ActiveCfg = Debug|Any CPU
		{7C9F4BD8-18BC-4444-A933-0F1AE05180CB}.Debug|x86.Build.0 = Debug|Any CPU
		{7C9F4BD8-18BC-4444-A933-0F1AE05180CB}.Release|Any CPU.ActiveCfg = Release|Any CPU
		{7C9F4BD8-18BC-4444-A933-0F1AE05180CB}.Release|Any CPU.Build.0 = Release|Any CPU
		{7C9F4BD8-18BC-4444-A933-0F1AE05180CB}.Release|x64.ActiveCfg = Release|Any CPU
		{7C9F4BD8-18BC-4444-A933-0F1AE05180CB}.Release|x64.Build.0 = Release|Any CPU
		{7C9F4BD8-18BC-4444-A933-0F1AE05180CB}.Release|x86.ActiveCfg = Release|Any CPU
		{7C9F4BD8-18BC-4444-A933-0F1AE05180CB}.Release|x86.Build.0 = Release|Any CPU
	EndGlobalSection
	GlobalSection(SolutionProperties) = preSolution
		HideSolutionNode = FALSE
	EndGlobalSection
	GlobalSection(NestedProjects) = preSolution
		{7AE9A5C7-8393-4ABF-A8F4-A5190C2DE406} = {69AECDB5-9BAF-4B8E-B4EB-DF83564F449A}
		{31ECB52E-8B39-4DF0-9F4E-AD174EB3FFA7} = {69AECDB5-9BAF-4B8E-B4EB-DF83564F449A}
		{DA5A4779-1F58-4133-90E7-1D046CB24567} = {7EC8AD57-2216-EF96-15AC-69523733B22C}
		{F83CF6E3-FF16-468E-AEF0-ABEC60A4F10E} = {7EC8AD57-2216-EF96-15AC-69523733B22C}
		{7C9F4BD8-18BC-4444-A933-0F1AE05180CB} = {7EC8AD57-2216-EF96-15AC-69523733B22C}
	EndGlobalSection
	GlobalSection(ExtensibilityGlobals) = postSolution
		SolutionGuid = {DB4DB6DD-525F-43AD-B6B8-2CACB2A0CC22}
	EndGlobalSection
EndGlobal
