Microsoft Visual Studio Solution File, Format Version 12.00
# Visual Studio Version 17
VisualStudioVersion = 17.5.2.0
MinimumVisualStudioVersion = 10.0.40219.1
Project("{FAE04EC0-301F-11D3-BF4B-00C04F79EFBC}") = "MyAPI", "WebApplication\MyAPI\MyAPI.csproj", "{2851F363-8543-EE7A-E8D4-D4503AA25384}"
EndProject
Project("{FAE04EC0-301F-11D3-BF4B-00C04F79EFBC}") = "TaskManagement", "TaskManagement\TaskManagement.csproj", "{5B9A42B7-E674-4354-A45F-F4110BACA2BB}"
EndProject
Project("{FAE04EC0-301F-11D3-BF4B-00C04F79EFBC}") = "OAuthApplication", "OAuthApplication\OAuthApplication.csproj", "{849DBC42-3EE0-4A6E-B970-B56FAEDBA272}"
EndProject
Project("{FAE04EC0-301F-11D3-BF4B-00C04F79EFBC}") = "Threads", "Threads\Threads.csproj", "{2D16B23C-7047-4BA1-A9C7-35C68A08C75A}"
EndProject
Project("{FAE04EC0-301F-11D3-BF4B-00C04F79EFBC}") = "SocketIOServer", "SocketIOServer\SocketIOServer.csproj", "{DBC90C1B-CD13-405D-AAEA-FAB0FA0E4811}"
EndProject
Project("{FAE04EC0-301F-11D3-BF4B-00C04F79EFBC}") = "Events", "Events\Events.csproj", "{EC9BC6C6-47A5-4E61-9172-384785E2E662}"
EndProject
Project("{FAE04EC0-301F-11D3-BF4B-00C04F79EFBC}") = "Course", "Course\Course.csproj", "{48D81073-6ACB-4F23-9E9C-FAA71DBC9D47}"
EndProject
Project("{2150E333-8FDC-42A3-9474-1A3956D46DE8}") = "Kafka", "Kafka", "{69AECDB5-9BAF-4B8E-B4EB-DF83564F449A}"
EndProject
Project("{FAE04EC0-301F-11D3-BF4B-00C04F79EFBC}") = "Send", "Kafka\Send\Send.csproj", "{7AE9A5C7-8393-4ABF-A8F4-A5190C2DE406}"
EndProject
Project("{FAE04EC0-301F-11D3-BF4B-00C04F79EFBC}") = "Receive", "Kafka\Receive\Receive.csproj", "{31ECB52E-8B39-4DF0-9F4E-AD174EB3FFA7}"
EndProject
Project("{FAE04EC0-301F-11D3-BF4B-00C04F79EFBC}") = "Asynchronous", "Asynchronous\Asynchronous.csproj", "{1588BB7F-10FA-4D13-878D-0DC8178283F7}"
EndProject
Project("{FAE04EC0-301F-11D3-BF4B-00C04F79EFBC}") = "Linq", "Linq\Linq.csproj", "{2CB37EFE-9AF5-41DD-A53B-0820C1C0AE08}"
EndProject
Project("{FAE04EC0-301F-11D3-BF4B-00C04F79EFBC}") = "Postgres", "Postgres\Postgres.csproj", "{48E6FD4D-D56A-4225-94DE-94E9453E98D1}"
EndProject
Project("{FAE04EC0-301F-11D3-BF4B-00C04F79EFBC}") = "KafkaStreamApi", "KafkaStreamApi\KafkaStreamApi.csproj", "{E99F1E6E-67E3-4997-9DAD-4A26B5DBC35D}"
EndProject
Project("{FAE04EC0-301F-11D3-BF4B-00C04F79EFBC}") = "Auth", "Auth\Auth.csproj", "{454FE3B4-408A-4A10-9DAF-E289AD767908}"
EndProject
Project("{FAE04EC0-301F-11D3-BF4B-00C04F79EFBC}") = "ServiceRegistration", "ServiceRegistration\ServiceRegistration.csproj", "{66E4298B-E38E-4324-B6DB-1718F371F916}"
EndProject
Project("{FAE04EC0-301F-11D3-BF4B-00C04F79EFBC}") = "SimpleWebAPI", "SimpleWebAPI\SimpleWebAPI.csproj", "{1C7F8BEC-D778-4647-B9D0-37D2A49BBC67}"
EndProject
Project("{FAE04EC0-301F-11D3-BF4B-00C04F79EFBC}") = "Serialization", "Serialization\Serialization.csproj", "{53004744-CC1F-41EC-A740-F613C1656F07}"
EndProject
Global
	GlobalSection(SolutionConfigurationPlatforms) = preSolution
		Debug|Any CPU = Debug|Any CPU
		Release|Any CPU = Release|Any CPU
	EndGlobalSection
	GlobalSection(ProjectConfigurationPlatforms) = postSolution
		{2851F363-8543-EE7A-E8D4-D4503AA25384}.Debug|Any CPU.ActiveCfg = Debug|Any CPU
		{2851F363-8543-EE7A-E8D4-D4503AA25384}.Debug|Any CPU.Build.0 = Debug|Any CPU
		{2851F363-8543-EE7A-E8D4-D4503AA25384}.Release|Any CPU.ActiveCfg = Release|Any CPU
		{2851F363-8543-EE7A-E8D4-D4503AA25384}.Release|Any CPU.Build.0 = Release|Any CPU
		{5B9A42B7-E674-4354-A45F-F4110BACA2BB}.Debug|Any CPU.ActiveCfg = Debug|Any CPU
		{5B9A42B7-E674-4354-A45F-F4110BACA2BB}.Debug|Any CPU.Build.0 = Debug|Any CPU
		{5B9A42B7-E674-4354-A45F-F4110BACA2BB}.Release|Any CPU.ActiveCfg = Release|Any CPU
		{5B9A42B7-E674-4354-A45F-F4110BACA2BB}.Release|Any CPU.Build.0 = Release|Any CPU
		{849DBC42-3EE0-4A6E-B970-B56FAEDBA272}.Debug|Any CPU.ActiveCfg = Debug|Any CPU
		{849DBC42-3EE0-4A6E-B970-B56FAEDBA272}.Debug|Any CPU.Build.0 = Debug|Any CPU
		{849DBC42-3EE0-4A6E-B970-B56FAEDBA272}.Release|Any CPU.ActiveCfg = Release|Any CPU
		{849DBC42-3EE0-4A6E-B970-B56FAEDBA272}.Release|Any CPU.Build.0 = Release|Any CPU
		{2D16B23C-7047-4BA1-A9C7-35C68A08C75A}.Debug|Any CPU.ActiveCfg = Debug|Any CPU
		{2D16B23C-7047-4BA1-A9C7-35C68A08C75A}.Debug|Any CPU.Build.0 = Debug|Any CPU
		{2D16B23C-7047-4BA1-A9C7-35C68A08C75A}.Release|Any CPU.ActiveCfg = Release|Any CPU
		{2D16B23C-7047-4BA1-A9C7-35C68A08C75A}.Release|Any CPU.Build.0 = Release|Any CPU
		{DBC90C1B-CD13-405D-AAEA-FAB0FA0E4811}.Debug|Any CPU.ActiveCfg = Debug|Any CPU
		{DBC90C1B-CD13-405D-AAEA-FAB0FA0E4811}.Debug|Any CPU.Build.0 = Debug|Any CPU
		{DBC90C1B-CD13-405D-AAEA-FAB0FA0E4811}.Release|Any CPU.ActiveCfg = Release|Any CPU
		{DBC90C1B-CD13-405D-AAEA-FAB0FA0E4811}.Release|Any CPU.Build.0 = Release|Any CPU
		{EC9BC6C6-47A5-4E61-9172-384785E2E662}.Debug|Any CPU.ActiveCfg = Debug|Any CPU
		{EC9BC6C6-47A5-4E61-9172-384785E2E662}.Debug|Any CPU.Build.0 = Debug|Any CPU
		{EC9BC6C6-47A5-4E61-9172-384785E2E662}.Release|Any CPU.ActiveCfg = Release|Any CPU
		{EC9BC6C6-47A5-4E61-9172-384785E2E662}.Release|Any CPU.Build.0 = Release|Any CPU
		{48D81073-6ACB-4F23-9E9C-FAA71DBC9D47}.Debug|Any CPU.ActiveCfg = Debug|Any CPU
		{48D81073-6ACB-4F23-9E9C-FAA71DBC9D47}.Debug|Any CPU.Build.0 = Debug|Any CPU
		{48D81073-6ACB-4F23-9E9C-FAA71DBC9D47}.Release|Any CPU.ActiveCfg = Release|Any CPU
		{48D81073-6ACB-4F23-9E9C-FAA71DBC9D47}.Release|Any CPU.Build.0 = Release|Any CPU
		{A602DF44-357A-455D-B83F-20C0609EC4A6}.Debug|Any CPU.ActiveCfg = Debug|Any CPU
		{A602DF44-357A-455D-B83F-20C0609EC4A6}.Debug|Any CPU.Build.0 = Debug|Any CPU
		{A602DF44-357A-455D-B83F-20C0609EC4A6}.Release|Any CPU.ActiveCfg = Release|Any CPU
		{A602DF44-357A-455D-B83F-20C0609EC4A6}.Release|Any CPU.Build.0 = Release|Any CPU
		{7AE9A5C7-8393-4ABF-A8F4-A5190C2DE406}.Debug|Any CPU.ActiveCfg = Debug|Any CPU
		{7AE9A5C7-8393-4ABF-A8F4-A5190C2DE406}.Debug|Any CPU.Build.0 = Debug|Any CPU
		{7AE9A5C7-8393-4ABF-A8F4-A5190C2DE406}.Release|Any CPU.ActiveCfg = Release|Any CPU
		{7AE9A5C7-8393-4ABF-A8F4-A5190C2DE406}.Release|Any CPU.Build.0 = Release|Any CPU
		{31ECB52E-8B39-4DF0-9F4E-AD174EB3FFA7}.Debug|Any CPU.ActiveCfg = Debug|Any CPU
		{31ECB52E-8B39-4DF0-9F4E-AD174EB3FFA7}.Debug|Any CPU.Build.0 = Debug|Any CPU
		{31ECB52E-8B39-4DF0-9F4E-AD174EB3FFA7}.Release|Any CPU.ActiveCfg = Release|Any CPU
		{31ECB52E-8B39-4DF0-9F4E-AD174EB3FFA7}.Release|Any CPU.Build.0 = Release|Any CPU
		{1588BB7F-10FA-4D13-878D-0DC8178283F7}.Debug|Any CPU.ActiveCfg = Debug|Any CPU
		{1588BB7F-10FA-4D13-878D-0DC8178283F7}.Debug|Any CPU.Build.0 = Debug|Any CPU
		{1588BB7F-10FA-4D13-878D-0DC8178283F7}.Release|Any CPU.ActiveCfg = Release|Any CPU
		{1588BB7F-10FA-4D13-878D-0DC8178283F7}.Release|Any CPU.Build.0 = Release|Any CPU
		{6554D94B-D054-4A0D-8F7F-6C0D1A57E985}.Debug|Any CPU.ActiveCfg = Debug|Any CPU
		{6554D94B-D054-4A0D-8F7F-6C0D1A57E985}.Debug|Any CPU.Build.0 = Debug|Any CPU
		{6554D94B-D054-4A0D-8F7F-6C0D1A57E985}.Release|Any CPU.ActiveCfg = Release|Any CPU
		{6554D94B-D054-4A0D-8F7F-6C0D1A57E985}.Release|Any CPU.Build.0 = Release|Any CPU
		{2CB37EFE-9AF5-41DD-A53B-0820C1C0AE08}.Debug|Any CPU.ActiveCfg = Debug|Any CPU
		{2CB37EFE-9AF5-41DD-A53B-0820C1C0AE08}.Debug|Any CPU.Build.0 = Debug|Any CPU
		{2CB37EFE-9AF5-41DD-A53B-0820C1C0AE08}.Release|Any CPU.ActiveCfg = Release|Any CPU
		{2CB37EFE-9AF5-41DD-A53B-0820C1C0AE08}.Release|Any CPU.Build.0 = Release|Any CPU
		{48E6FD4D-D56A-4225-94DE-94E9453E98D1}.Debug|Any CPU.ActiveCfg = Debug|Any CPU
		{48E6FD4D-D56A-4225-94DE-94E9453E98D1}.Debug|Any CPU.Build.0 = Debug|Any CPU
		{48E6FD4D-D56A-4225-94DE-94E9453E98D1}.Release|Any CPU.ActiveCfg = Release|Any CPU
		{48E6FD4D-D56A-4225-94DE-94E9453E98D1}.Release|Any CPU.Build.0 = Release|Any CPU
		{E99F1E6E-67E3-4997-9DAD-4A26B5DBC35D}.Debug|Any CPU.ActiveCfg = Debug|Any CPU
		{E99F1E6E-67E3-4997-9DAD-4A26B5DBC35D}.Debug|Any CPU.Build.0 = Debug|Any CPU
		{E99F1E6E-67E3-4997-9DAD-4A26B5DBC35D}.Release|Any CPU.ActiveCfg = Release|Any CPU
		{E99F1E6E-67E3-4997-9DAD-4A26B5DBC35D}.Release|Any CPU.Build.0 = Release|Any CPU
		{454FE3B4-408A-4A10-9DAF-E289AD767908}.Debug|Any CPU.ActiveCfg = Debug|Any CPU
		{454FE3B4-408A-4A10-9DAF-E289AD767908}.Debug|Any CPU.Build.0 = Debug|Any CPU
		{454FE3B4-408A-4A10-9DAF-E289AD767908}.Release|Any CPU.ActiveCfg = Release|Any CPU
		{454FE3B4-408A-4A10-9DAF-E289AD767908}.Release|Any CPU.Build.0 = Release|Any CPU
		{66E4298B-E38E-4324-B6DB-1718F371F916}.Debug|Any CPU.ActiveCfg = Debug|Any CPU
		{66E4298B-E38E-4324-B6DB-1718F371F916}.Debug|Any CPU.Build.0 = Debug|Any CPU
		{66E4298B-E38E-4324-B6DB-1718F371F916}.Release|Any CPU.ActiveCfg = Release|Any CPU
		{66E4298B-E38E-4324-B6DB-1718F371F916}.Release|Any CPU.Build.0 = Release|Any CPU
		{1C7F8BEC-D778-4647-B9D0-37D2A49BBC67}.Debug|Any CPU.ActiveCfg = Debug|Any CPU
		{1C7F8BEC-D778-4647-B9D0-37D2A49BBC67}.Debug|Any CPU.Build.0 = Debug|Any CPU
		{1C7F8BEC-D778-4647-B9D0-37D2A49BBC67}.Release|Any CPU.ActiveCfg = Release|Any CPU
		{1C7F8BEC-D778-4647-B9D0-37D2A49BBC67}.Release|Any CPU.Build.0 = Release|Any CPU
		{53004744-CC1F-41EC-A740-F613C1656F07}.Debug|Any CPU.ActiveCfg = Debug|Any CPU
		{53004744-CC1F-41EC-A740-F613C1656F07}.Debug|Any CPU.Build.0 = Debug|Any CPU
		{53004744-CC1F-41EC-A740-F613C1656F07}.Release|Any CPU.ActiveCfg = Release|Any CPU
		{53004744-CC1F-41EC-A740-F613C1656F07}.Release|Any CPU.Build.0 = Release|Any CPU
	EndGlobalSection
	GlobalSection(SolutionProperties) = preSolution
		HideSolutionNode = FALSE
	EndGlobalSection
	GlobalSection(NestedProjects) = preSolution
		{7AE9A5C7-8393-4ABF-A8F4-A5190C2DE406} = {69AECDB5-9BAF-4B8E-B4EB-DF83564F449A}
		{31ECB52E-8B39-4DF0-9F4E-AD174EB3FFA7} = {69AECDB5-9BAF-4B8E-B4EB-DF83564F449A}
	EndGlobalSection
	GlobalSection(ExtensibilityGlobals) = postSolution
		SolutionGuid = {DB4DB6DD-525F-43AD-B6B8-2CACB2A0CC22}
	EndGlobalSection
EndGlobal
