
Microsoft Visual Studio Solution File, Format Version 12.00
# Visual Studio Version 17
VisualStudioVersion = 17.14.36202.13
MinimumVisualStudioVersion = 10.0.40219.1
Project("{FAE04EC0-301F-11D3-BF4B-00C04F79EFBC}") = "OrderRuleConsole", "OrderRuleConsole.csproj", "{3E136FBA-81F7-A785-E6B5-989E63A0F5C9}"
EndProject
Project("{FAE04EC0-301F-11D3-BF4B-00C04F79EFBC}") = "OrderRuleConsole.Tests", "OrderRuleConsole.Tests\OrderRuleConsole.Tests.csproj", "{D41A2F0B-63CB-4008-8023-992FB51E568B}"
EndProject
Global
	GlobalSection(SolutionConfigurationPlatforms) = preSolution
		Debug|Any CPU = Debug|Any CPU
		Debug|x64 = Debug|x64
		Debug|x86 = Debug|x86
		Release|Any CPU = Release|Any CPU
		Release|x64 = Release|x64
		Release|x86 = Release|x86
	EndGlobalSection
	GlobalSection(ProjectConfigurationPlatforms) = postSolution
		{3E136FBA-81F7-A785-E6B5-989E63A0F5C9}.Debug|Any CPU.ActiveCfg = Debug|Any CPU
		{3E136FBA-81F7-A785-E6B5-989E63A0F5C9}.Debug|Any CPU.Build.0 = Debug|Any CPU
		{3E136FBA-81F7-A785-E6B5-989E63A0F5C9}.Debug|x64.ActiveCfg = Debug|Any CPU
		{3E136FBA-81F7-A785-E6B5-989E63A0F5C9}.Debug|x64.Build.0 = Debug|Any CPU
		{3E136FBA-81F7-A785-E6B5-989E63A0F5C9}.Debug|x86.ActiveCfg = Debug|Any CPU
		{3E136FBA-81F7-A785-E6B5-989E63A0F5C9}.Debug|x86.Build.0 = Debug|Any CPU
		{3E136FBA-81F7-A785-E6B5-989E63A0F5C9}.Release|Any CPU.ActiveCfg = Release|Any CPU
		{3E136FBA-81F7-A785-E6B5-989E63A0F5C9}.Release|Any CPU.Build.0 = Release|Any CPU
		{3E136FBA-81F7-A785-E6B5-989E63A0F5C9}.Release|x64.ActiveCfg = Release|Any CPU
		{3E136FBA-81F7-A785-E6B5-989E63A0F5C9}.Release|x64.Build.0 = Release|Any CPU
		{3E136FBA-81F7-A785-E6B5-989E63A0F5C9}.Release|x86.ActiveCfg = Release|Any CPU
		{3E136FBA-81F7-A785-E6B5-989E63A0F5C9}.Release|x86.Build.0 = Release|Any CPU
		{D41A2F0B-63CB-4008-8023-992FB51E568B}.Debug|Any CPU.ActiveCfg = Debug|Any CPU
		{D41A2F0B-63CB-4008-8023-992FB51E568B}.Debug|Any CPU.Build.0 = Debug|Any CPU
		{D41A2F0B-63CB-4008-8023-992FB51E568B}.Debug|x64.ActiveCfg = Debug|Any CPU
		{D41A2F0B-63CB-4008-8023-992FB51E568B}.Debug|x64.Build.0 = Debug|Any CPU
		{D41A2F0B-63CB-4008-8023-992FB51E568B}.Debug|x86.ActiveCfg = Debug|Any CPU
		{D41A2F0B-63CB-4008-8023-992FB51E568B}.Debug|x86.Build.0 = Debug|Any CPU
		{D41A2F0B-63CB-4008-8023-992FB51E568B}.Release|Any CPU.ActiveCfg = Release|Any CPU
		{D41A2F0B-63CB-4008-8023-992FB51E568B}.Release|Any CPU.Build.0 = Release|Any CPU
		{D41A2F0B-63CB-4008-8023-992FB51E568B}.Release|x64.ActiveCfg = Release|Any CPU
		{D41A2F0B-63CB-4008-8023-992FB51E568B}.Release|x64.Build.0 = Release|Any CPU
		{D41A2F0B-63CB-4008-8023-992FB51E568B}.Release|x86.ActiveCfg = Release|Any CPU
		{D41A2F0B-63CB-4008-8023-992FB51E568B}.Release|x86.Build.0 = Release|Any CPU
	EndGlobalSection
	GlobalSection(SolutionProperties) = preSolution
		HideSolutionNode = FALSE
	EndGlobalSection
	GlobalSection(ExtensibilityGlobals) = postSolution
		SolutionGuid = {CE01E221-A4F3-43A1-9CFF-955370A3156E}
	EndGlobalSection
EndGlobal
