Microsoft Visual Studio Solution File, Format Version 12.00
# Visual Studio Version 17
VisualStudioVersion = 17.5.2.0
MinimumVisualStudioVersion = 10.0.40219.1
Project("{FAE04EC0-301F-11D3-BF4B-00C04F79EFBC}") = "CachePatterns", "CachePatterns.csproj", "{A35BA813-1308-BDC1-0B0C-084CB139899B}"
EndProject
Global
	GlobalSection(SolutionConfigurationPlatforms) = preSolution
		Debug|Any CPU = Debug|Any CPU
		Release|Any CPU = Release|Any CPU
	EndGlobalSection
	GlobalSection(ProjectConfigurationPlatforms) = postSolution
		{A35BA813-1308-BDC1-0B0C-084CB139899B}.Debug|Any CPU.ActiveCfg = Debug|Any CPU
		{A35BA813-1308-BDC1-0B0C-084CB139899B}.Debug|Any CPU.Build.0 = Debug|Any CPU
		{A35BA813-1308-BDC1-0B0C-084CB139899B}.Release|Any CPU.ActiveCfg = Release|Any CPU
		{A35BA813-1308-BDC1-0B0C-084CB139899B}.Release|Any CPU.Build.0 = Release|Any CPU
	EndGlobalSection
	GlobalSection(SolutionProperties) = preSolution
		HideSolutionNode = FALSE
	EndGlobalSection
	GlobalSection(ExtensibilityGlobals) = postSolution
		SolutionGuid = {9C33F62D-D809-4425-B906-CEFE6E873394}
	EndGlobalSection
EndGlobal
