
Microsoft Visual Studio Solution File, Format Version 12.00
# Visual Studio Version 17
VisualStudioVersion = 17.5.2.0
MinimumVisualStudioVersion = 10.0.40219.1
Project("{2150E333-8FDC-42A3-9474-1A3956D46DE8}") = "Structural", "Structural", "{AAFBD153-24CA-142F-8D87-E9EA6ABB24FE}"
EndProject
Project("{FAE04EC0-301F-11D3-BF4B-00C04F79EFBC}") = "Adapter", "Structural\Adapter\Adapter.csproj", "{1F7D5FC5-6434-4B78-B33D-687A484DDDB4}"
EndProject
Project("{FAE04EC0-301F-11D3-BF4B-00C04F79EFBC}") = "Builder", "Creational\Builder\Builder.csproj", "{68544693-BECC-46AF-B775-DC39E9D0D61D}"
EndProject
Project("{FAE04EC0-301F-11D3-BF4B-00C04F79EFBC}") = "ChainOfResponsability", "Behavioral\ChainOfResponsibility\ChainOfResponsability.csproj", "{97B5DEC7-232A-42D7-B806-B5AB913489BC}"
EndProject
Project("{FAE04EC0-301F-11D3-BF4B-00C04F79EFBC}") = "Composite", "Structural\Composite\Composite.csproj", "{6D0E4F24-5803-45CA-8024-D48F71A6898F}"
EndProject
Project("{FAE04EC0-301F-11D3-BF4B-00C04F79EFBC}") = "Factory", "Creational\Factory\Factory.csproj", "{3A9A4E28-B0E3-49B0-88F0-9C32058F63F9}"
EndProject
Project("{FAE04EC0-301F-11D3-BF4B-00C04F79EFBC}") = "MediatoR", "Behavioral\Mediator\MediatoR.csproj", "{D3A93E3F-CF8E-4C47-B4CE-01A26A2EA6A0}"
EndProject
Project("{FAE04EC0-301F-11D3-BF4B-00C04F79EFBC}") = "State", "Behavioral\State\State.csproj", "{949A79D4-7D93-4221-B4DA-9154351D1E3F}"
EndProject
Project("{FAE04EC0-301F-11D3-BF4B-00C04F79EFBC}") = "Strategy", "Behavioral\Strategy\Strategy.csproj", "{3BD5703A-B62E-4A7E-9D5E-F360EC54EDE0}"
EndProject
Project("{FAE04EC0-301F-11D3-BF4B-00C04F79EFBC}") = "UnitOfWork", "Behavioral\UnitOfWork\UnitOfWork.csproj", "{77E0A662-2F68-4557-BD21-B99931572B1B}"
EndProject
Project("{FAE04EC0-301F-11D3-BF4B-00C04F79EFBC}") = "Visitor", "Behavioral\Visitor\Visitor.csproj", "{73D2285A-6938-48ED-AB59-29D40B51EAED}"
EndProject
Project("{FAE04EC0-301F-11D3-BF4B-00C04F79EFBC}") = "Decorator", "Structural\Decorator\Decorator.csproj", "{A68907A3-8D74-4939-8D2A-E67B5DFA2920}"
EndProject
Global
	GlobalSection(SolutionConfigurationPlatforms) = preSolution
		Debug|Any CPU = Debug|Any CPU
		Debug|x64 = Debug|x64
		Debug|x86 = Debug|x86
		Release|Any CPU = Release|Any CPU
		Release|x64 = Release|x64
		Release|x86 = Release|x86
	EndGlobalSection
	GlobalSection(ProjectConfigurationPlatforms) = postSolution
		{1F7D5FC5-6434-4B78-B33D-687A484DDDB4}.Debug|Any CPU.ActiveCfg = Debug|Any CPU
		{1F7D5FC5-6434-4B78-B33D-687A484DDDB4}.Debug|Any CPU.Build.0 = Debug|Any CPU
		{1F7D5FC5-6434-4B78-B33D-687A484DDDB4}.Debug|x64.ActiveCfg = Debug|Any CPU
		{1F7D5FC5-6434-4B78-B33D-687A484DDDB4}.Debug|x64.Build.0 = Debug|Any CPU
		{1F7D5FC5-6434-4B78-B33D-687A484DDDB4}.Debug|x86.ActiveCfg = Debug|Any CPU
		{1F7D5FC5-6434-4B78-B33D-687A484DDDB4}.Debug|x86.Build.0 = Debug|Any CPU
		{1F7D5FC5-6434-4B78-B33D-687A484DDDB4}.Release|Any CPU.ActiveCfg = Release|Any CPU
		{1F7D5FC5-6434-4B78-B33D-687A484DDDB4}.Release|Any CPU.Build.0 = Release|Any CPU
		{1F7D5FC5-6434-4B78-B33D-687A484DDDB4}.Release|x64.ActiveCfg = Release|Any CPU
		{1F7D5FC5-6434-4B78-B33D-687A484DDDB4}.Release|x64.Build.0 = Release|Any CPU
		{1F7D5FC5-6434-4B78-B33D-687A484DDDB4}.Release|x86.ActiveCfg = Release|Any CPU
		{1F7D5FC5-6434-4B78-B33D-687A484DDDB4}.Release|x86.Build.0 = Release|Any CPU
		{68544693-BECC-46AF-B775-DC39E9D0D61D}.Debug|Any CPU.ActiveCfg = Debug|Any CPU
		{68544693-BECC-46AF-B775-DC39E9D0D61D}.Debug|Any CPU.Build.0 = Debug|Any CPU
		{68544693-BECC-46AF-B775-DC39E9D0D61D}.Debug|x64.ActiveCfg = Debug|Any CPU
		{68544693-BECC-46AF-B775-DC39E9D0D61D}.Debug|x64.Build.0 = Debug|Any CPU
		{68544693-BECC-46AF-B775-DC39E9D0D61D}.Debug|x86.ActiveCfg = Debug|Any CPU
		{68544693-BECC-46AF-B775-DC39E9D0D61D}.Debug|x86.Build.0 = Debug|Any CPU
		{68544693-BECC-46AF-B775-DC39E9D0D61D}.Release|Any CPU.ActiveCfg = Release|Any CPU
		{68544693-BECC-46AF-B775-DC39E9D0D61D}.Release|Any CPU.Build.0 = Release|Any CPU
		{68544693-BECC-46AF-B775-DC39E9D0D61D}.Release|x64.ActiveCfg = Release|Any CPU
		{68544693-BECC-46AF-B775-DC39E9D0D61D}.Release|x64.Build.0 = Release|Any CPU
		{68544693-BECC-46AF-B775-DC39E9D0D61D}.Release|x86.ActiveCfg = Release|Any CPU
		{68544693-BECC-46AF-B775-DC39E9D0D61D}.Release|x86.Build.0 = Release|Any CPU
		{97B5DEC7-232A-42D7-B806-B5AB913489BC}.Debug|Any CPU.ActiveCfg = Debug|Any CPU
		{97B5DEC7-232A-42D7-B806-B5AB913489BC}.Debug|Any CPU.Build.0 = Debug|Any CPU
		{97B5DEC7-232A-42D7-B806-B5AB913489BC}.Debug|x64.ActiveCfg = Debug|Any CPU
		{97B5DEC7-232A-42D7-B806-B5AB913489BC}.Debug|x64.Build.0 = Debug|Any CPU
		{97B5DEC7-232A-42D7-B806-B5AB913489BC}.Debug|x86.ActiveCfg = Debug|Any CPU
		{97B5DEC7-232A-42D7-B806-B5AB913489BC}.Debug|x86.Build.0 = Debug|Any CPU
		{97B5DEC7-232A-42D7-B806-B5AB913489BC}.Release|Any CPU.ActiveCfg = Release|Any CPU
		{97B5DEC7-232A-42D7-B806-B5AB913489BC}.Release|Any CPU.Build.0 = Release|Any CPU
		{97B5DEC7-232A-42D7-B806-B5AB913489BC}.Release|x64.ActiveCfg = Release|Any CPU
		{97B5DEC7-232A-42D7-B806-B5AB913489BC}.Release|x64.Build.0 = Release|Any CPU
		{97B5DEC7-232A-42D7-B806-B5AB913489BC}.Release|x86.ActiveCfg = Release|Any CPU
		{97B5DEC7-232A-42D7-B806-B5AB913489BC}.Release|x86.Build.0 = Release|Any CPU
		{6D0E4F24-5803-45CA-8024-D48F71A6898F}.Debug|Any CPU.ActiveCfg = Debug|Any CPU
		{6D0E4F24-5803-45CA-8024-D48F71A6898F}.Debug|Any CPU.Build.0 = Debug|Any CPU
		{6D0E4F24-5803-45CA-8024-D48F71A6898F}.Debug|x64.ActiveCfg = Debug|Any CPU
		{6D0E4F24-5803-45CA-8024-D48F71A6898F}.Debug|x64.Build.0 = Debug|Any CPU
		{6D0E4F24-5803-45CA-8024-D48F71A6898F}.Debug|x86.ActiveCfg = Debug|Any CPU
		{6D0E4F24-5803-45CA-8024-D48F71A6898F}.Debug|x86.Build.0 = Debug|Any CPU
		{6D0E4F24-5803-45CA-8024-D48F71A6898F}.Release|Any CPU.ActiveCfg = Release|Any CPU
		{6D0E4F24-5803-45CA-8024-D48F71A6898F}.Release|Any CPU.Build.0 = Release|Any CPU
		{6D0E4F24-5803-45CA-8024-D48F71A6898F}.Release|x64.ActiveCfg = Release|Any CPU
		{6D0E4F24-5803-45CA-8024-D48F71A6898F}.Release|x64.Build.0 = Release|Any CPU
		{6D0E4F24-5803-45CA-8024-D48F71A6898F}.Release|x86.ActiveCfg = Release|Any CPU
		{6D0E4F24-5803-45CA-8024-D48F71A6898F}.Release|x86.Build.0 = Release|Any CPU
		{3A9A4E28-B0E3-49B0-88F0-9C32058F63F9}.Debug|Any CPU.ActiveCfg = Debug|Any CPU
		{3A9A4E28-B0E3-49B0-88F0-9C32058F63F9}.Debug|Any CPU.Build.0 = Debug|Any CPU
		{3A9A4E28-B0E3-49B0-88F0-9C32058F63F9}.Debug|x64.ActiveCfg = Debug|Any CPU
		{3A9A4E28-B0E3-49B0-88F0-9C32058F63F9}.Debug|x64.Build.0 = Debug|Any CPU
		{3A9A4E28-B0E3-49B0-88F0-9C32058F63F9}.Debug|x86.ActiveCfg = Debug|Any CPU
		{3A9A4E28-B0E3-49B0-88F0-9C32058F63F9}.Debug|x86.Build.0 = Debug|Any CPU
		{3A9A4E28-B0E3-49B0-88F0-9C32058F63F9}.Release|Any CPU.ActiveCfg = Release|Any CPU
		{3A9A4E28-B0E3-49B0-88F0-9C32058F63F9}.Release|Any CPU.Build.0 = Release|Any CPU
		{3A9A4E28-B0E3-49B0-88F0-9C32058F63F9}.Release|x64.ActiveCfg = Release|Any CPU
		{3A9A4E28-B0E3-49B0-88F0-9C32058F63F9}.Release|x64.Build.0 = Release|Any CPU
		{3A9A4E28-B0E3-49B0-88F0-9C32058F63F9}.Release|x86.ActiveCfg = Release|Any CPU
		{3A9A4E28-B0E3-49B0-88F0-9C32058F63F9}.Release|x86.Build.0 = Release|Any CPU
		{D3A93E3F-CF8E-4C47-B4CE-01A26A2EA6A0}.Debug|Any CPU.ActiveCfg = Debug|Any CPU
		{D3A93E3F-CF8E-4C47-B4CE-01A26A2EA6A0}.Debug|Any CPU.Build.0 = Debug|Any CPU
		{D3A93E3F-CF8E-4C47-B4CE-01A26A2EA6A0}.Debug|x64.ActiveCfg = Debug|Any CPU
		{D3A93E3F-CF8E-4C47-B4CE-01A26A2EA6A0}.Debug|x64.Build.0 = Debug|Any CPU
		{D3A93E3F-CF8E-4C47-B4CE-01A26A2EA6A0}.Debug|x86.ActiveCfg = Debug|Any CPU
		{D3A93E3F-CF8E-4C47-B4CE-01A26A2EA6A0}.Debug|x86.Build.0 = Debug|Any CPU
		{D3A93E3F-CF8E-4C47-B4CE-01A26A2EA6A0}.Release|Any CPU.ActiveCfg = Release|Any CPU
		{D3A93E3F-CF8E-4C47-B4CE-01A26A2EA6A0}.Release|Any CPU.Build.0 = Release|Any CPU
		{D3A93E3F-CF8E-4C47-B4CE-01A26A2EA6A0}.Release|x64.ActiveCfg = Release|Any CPU
		{D3A93E3F-CF8E-4C47-B4CE-01A26A2EA6A0}.Release|x64.Build.0 = Release|Any CPU
		{D3A93E3F-CF8E-4C47-B4CE-01A26A2EA6A0}.Release|x86.ActiveCfg = Release|Any CPU
		{D3A93E3F-CF8E-4C47-B4CE-01A26A2EA6A0}.Release|x86.Build.0 = Release|Any CPU
		{949A79D4-7D93-4221-B4DA-9154351D1E3F}.Debug|Any CPU.ActiveCfg = Debug|Any CPU
		{949A79D4-7D93-4221-B4DA-9154351D1E3F}.Debug|Any CPU.Build.0 = Debug|Any CPU
		{949A79D4-7D93-4221-B4DA-9154351D1E3F}.Debug|x64.ActiveCfg = Debug|Any CPU
		{949A79D4-7D93-4221-B4DA-9154351D1E3F}.Debug|x64.Build.0 = Debug|Any CPU
		{949A79D4-7D93-4221-B4DA-9154351D1E3F}.Debug|x86.ActiveCfg = Debug|Any CPU
		{949A79D4-7D93-4221-B4DA-9154351D1E3F}.Debug|x86.Build.0 = Debug|Any CPU
		{949A79D4-7D93-4221-B4DA-9154351D1E3F}.Release|Any CPU.ActiveCfg = Release|Any CPU
		{949A79D4-7D93-4221-B4DA-9154351D1E3F}.Release|Any CPU.Build.0 = Release|Any CPU
		{949A79D4-7D93-4221-B4DA-9154351D1E3F}.Release|x64.ActiveCfg = Release|Any CPU
		{949A79D4-7D93-4221-B4DA-9154351D1E3F}.Release|x64.Build.0 = Release|Any CPU
		{949A79D4-7D93-4221-B4DA-9154351D1E3F}.Release|x86.ActiveCfg = Release|Any CPU
		{949A79D4-7D93-4221-B4DA-9154351D1E3F}.Release|x86.Build.0 = Release|Any CPU
		{3BD5703A-B62E-4A7E-9D5E-F360EC54EDE0}.Debug|Any CPU.ActiveCfg = Debug|Any CPU
		{3BD5703A-B62E-4A7E-9D5E-F360EC54EDE0}.Debug|Any CPU.Build.0 = Debug|Any CPU
		{3BD5703A-B62E-4A7E-9D5E-F360EC54EDE0}.Debug|x64.ActiveCfg = Debug|Any CPU
		{3BD5703A-B62E-4A7E-9D5E-F360EC54EDE0}.Debug|x64.Build.0 = Debug|Any CPU
		{3BD5703A-B62E-4A7E-9D5E-F360EC54EDE0}.Debug|x86.ActiveCfg = Debug|Any CPU
		{3BD5703A-B62E-4A7E-9D5E-F360EC54EDE0}.Debug|x86.Build.0 = Debug|Any CPU
		{3BD5703A-B62E-4A7E-9D5E-F360EC54EDE0}.Release|Any CPU.ActiveCfg = Release|Any CPU
		{3BD5703A-B62E-4A7E-9D5E-F360EC54EDE0}.Release|Any CPU.Build.0 = Release|Any CPU
		{3BD5703A-B62E-4A7E-9D5E-F360EC54EDE0}.Release|x64.ActiveCfg = Release|Any CPU
		{3BD5703A-B62E-4A7E-9D5E-F360EC54EDE0}.Release|x64.Build.0 = Release|Any CPU
		{3BD5703A-B62E-4A7E-9D5E-F360EC54EDE0}.Release|x86.ActiveCfg = Release|Any CPU
		{3BD5703A-B62E-4A7E-9D5E-F360EC54EDE0}.Release|x86.Build.0 = Release|Any CPU
		{77E0A662-2F68-4557-BD21-B99931572B1B}.Debug|Any CPU.ActiveCfg = Debug|Any CPU
		{77E0A662-2F68-4557-BD21-B99931572B1B}.Debug|Any CPU.Build.0 = Debug|Any CPU
		{77E0A662-2F68-4557-BD21-B99931572B1B}.Debug|x64.ActiveCfg = Debug|Any CPU
		{77E0A662-2F68-4557-BD21-B99931572B1B}.Debug|x64.Build.0 = Debug|Any CPU
		{77E0A662-2F68-4557-BD21-B99931572B1B}.Debug|x86.ActiveCfg = Debug|Any CPU
		{77E0A662-2F68-4557-BD21-B99931572B1B}.Debug|x86.Build.0 = Debug|Any CPU
		{77E0A662-2F68-4557-BD21-B99931572B1B}.Release|Any CPU.ActiveCfg = Release|Any CPU
		{77E0A662-2F68-4557-BD21-B99931572B1B}.Release|Any CPU.Build.0 = Release|Any CPU
		{77E0A662-2F68-4557-BD21-B99931572B1B}.Release|x64.ActiveCfg = Release|Any CPU
		{77E0A662-2F68-4557-BD21-B99931572B1B}.Release|x64.Build.0 = Release|Any CPU
		{77E0A662-2F68-4557-BD21-B99931572B1B}.Release|x86.ActiveCfg = Release|Any CPU
		{77E0A662-2F68-4557-BD21-B99931572B1B}.Release|x86.Build.0 = Release|Any CPU
		{73D2285A-6938-48ED-AB59-29D40B51EAED}.Debug|Any CPU.ActiveCfg = Debug|Any CPU
		{73D2285A-6938-48ED-AB59-29D40B51EAED}.Debug|Any CPU.Build.0 = Debug|Any CPU
		{73D2285A-6938-48ED-AB59-29D40B51EAED}.Debug|x64.ActiveCfg = Debug|Any CPU
		{73D2285A-6938-48ED-AB59-29D40B51EAED}.Debug|x64.Build.0 = Debug|Any CPU
		{73D2285A-6938-48ED-AB59-29D40B51EAED}.Debug|x86.ActiveCfg = Debug|Any CPU
		{73D2285A-6938-48ED-AB59-29D40B51EAED}.Debug|x86.Build.0 = Debug|Any CPU
		{73D2285A-6938-48ED-AB59-29D40B51EAED}.Release|Any CPU.ActiveCfg = Release|Any CPU
		{73D2285A-6938-48ED-AB59-29D40B51EAED}.Release|Any CPU.Build.0 = Release|Any CPU
		{73D2285A-6938-48ED-AB59-29D40B51EAED}.Release|x64.ActiveCfg = Release|Any CPU
		{73D2285A-6938-48ED-AB59-29D40B51EAED}.Release|x64.Build.0 = Release|Any CPU
		{73D2285A-6938-48ED-AB59-29D40B51EAED}.Release|x86.ActiveCfg = Release|Any CPU
		{73D2285A-6938-48ED-AB59-29D40B51EAED}.Release|x86.Build.0 = Release|Any CPU
		{A68907A3-8D74-4939-8D2A-E67B5DFA2920}.Debug|Any CPU.ActiveCfg = Debug|Any CPU
		{A68907A3-8D74-4939-8D2A-E67B5DFA2920}.Debug|Any CPU.Build.0 = Debug|Any CPU
		{A68907A3-8D74-4939-8D2A-E67B5DFA2920}.Debug|x64.ActiveCfg = Debug|Any CPU
		{A68907A3-8D74-4939-8D2A-E67B5DFA2920}.Debug|x64.Build.0 = Debug|Any CPU
		{A68907A3-8D74-4939-8D2A-E67B5DFA2920}.Debug|x86.ActiveCfg = Debug|Any CPU
		{A68907A3-8D74-4939-8D2A-E67B5DFA2920}.Debug|x86.Build.0 = Debug|Any CPU
		{A68907A3-8D74-4939-8D2A-E67B5DFA2920}.Release|Any CPU.ActiveCfg = Release|Any CPU
		{A68907A3-8D74-4939-8D2A-E67B5DFA2920}.Release|Any CPU.Build.0 = Release|Any CPU
		{A68907A3-8D74-4939-8D2A-E67B5DFA2920}.Release|x64.ActiveCfg = Release|Any CPU
		{A68907A3-8D74-4939-8D2A-E67B5DFA2920}.Release|x64.Build.0 = Release|Any CPU
		{A68907A3-8D74-4939-8D2A-E67B5DFA2920}.Release|x86.ActiveCfg = Release|Any CPU
		{A68907A3-8D74-4939-8D2A-E67B5DFA2920}.Release|x86.Build.0 = Release|Any CPU
	EndGlobalSection
	GlobalSection(SolutionProperties) = preSolution
		HideSolutionNode = FALSE
	EndGlobalSection
	GlobalSection(NestedProjects) = preSolution
		{1F7D5FC5-6434-4B78-B33D-687A484DDDB4} = {AAFBD153-24CA-142F-8D87-E9EA6ABB24FE}
		{68544693-BECC-46AF-B775-DC39E9D0D61D} = {AAFBD153-24CA-142F-8D87-E9EA6ABB24FE}
		{97B5DEC7-232A-42D7-B806-B5AB913489BC} = {AAFBD153-24CA-142F-8D87-E9EA6ABB24FE}
		{6D0E4F24-5803-45CA-8024-D48F71A6898F} = {AAFBD153-24CA-142F-8D87-E9EA6ABB24FE}
		{3A9A4E28-B0E3-49B0-88F0-9C32058F63F9} = {AAFBD153-24CA-142F-8D87-E9EA6ABB24FE}
		{D3A93E3F-CF8E-4C47-B4CE-01A26A2EA6A0} = {AAFBD153-24CA-142F-8D87-E9EA6ABB24FE}
		{949A79D4-7D93-4221-B4DA-9154351D1E3F} = {AAFBD153-24CA-142F-8D87-E9EA6ABB24FE}
		{3BD5703A-B62E-4A7E-9D5E-F360EC54EDE0} = {AAFBD153-24CA-142F-8D87-E9EA6ABB24FE}
		{77E0A662-2F68-4557-BD21-B99931572B1B} = {AAFBD153-24CA-142F-8D87-E9EA6ABB24FE}
		{73D2285A-6938-48ED-AB59-29D40B51EAED} = {AAFBD153-24CA-142F-8D87-E9EA6ABB24FE}
		{A68907A3-8D74-4939-8D2A-E67B5DFA2920} = {AAFBD153-24CA-142F-8D87-E9EA6ABB24FE}
	EndGlobalSection
	GlobalSection(ExtensibilityGlobals) = postSolution
		SolutionGuid = {86548A07-10C2-44A2-8870-29886A6EAE91}
	EndGlobalSection
EndGlobal
